
Microsoft Visual Studio Solution File, Format Version 12.00
# Visual Studio 2012
Project("{FAE04EC0-301F-11D3-BF4B-00C04F79EFBC}") = "hollywood", "hollywood\hollywood.csproj", "{C45D4850-6F70-498C-848A-AA5051E5D585}"
EndProject
Project("{2150E333-8FDC-42A3-9474-1A3956D46DE8}") = "Solution Items", "Solution Items", "{D3F42918-79FC-457F-9A3E-BEEC3442E1A9}"
	ProjectSection(SolutionItems) = preProject
		..\hollywood.nuspec = ..\hollywood.nuspec
		..\LICENSE.md = ..\LICENSE.md
		..\README.md = ..\README.md
	EndProjectSection
EndProject
Project("{FAE04EC0-301F-11D3-BF4B-00C04F79EFBC}") = "hollywood.Example", "hollywood.Example\hollywood.Example.csproj", "{B9F2339A-B244-444B-B380-317CFD0475AB}"
EndProject
Global
	GlobalSection(SolutionConfigurationPlatforms) = preSolution
		Debug|Any CPU = Debug|Any CPU
		Release|Any CPU = Release|Any CPU
	EndGlobalSection
	GlobalSection(ProjectConfigurationPlatforms) = postSolution
		{C45D4850-6F70-498C-848A-AA5051E5D585}.Debug|Any CPU.ActiveCfg = Debug|Any CPU
		{C45D4850-6F70-498C-848A-AA5051E5D585}.Debug|Any CPU.Build.0 = Debug|Any CPU
		{C45D4850-6F70-498C-848A-AA5051E5D585}.Release|Any CPU.ActiveCfg = Release|Any CPU
		{C45D4850-6F70-498C-848A-AA5051E5D585}.Release|Any CPU.Build.0 = Release|Any CPU
		{B9F2339A-B244-444B-B380-317CFD0475AB}.Debug|Any CPU.ActiveCfg = Debug|Any CPU
		{B9F2339A-B244-444B-B380-317CFD0475AB}.Debug|Any CPU.Build.0 = Debug|Any CPU
		{B9F2339A-B244-444B-B380-317CFD0475AB}.Release|Any CPU.ActiveCfg = Release|Any CPU
		{B9F2339A-B244-444B-B380-317CFD0475AB}.Release|Any CPU.Build.0 = Release|Any CPU
	EndGlobalSection
	GlobalSection(SolutionProperties) = preSolution
		HideSolutionNode = FALSE
	EndGlobalSection
EndGlobal
