
Microsoft Visual Studio Solution File, Format Version 12.00
# Visual Studio 15
VisualStudioVersion = 15.0.27130.2036
MinimumVisualStudioVersion = 10.0.40219.1
Project("{2150E333-8FDC-42A3-9474-1A3956D46DE8}") = "Solution Items", "Solution Items", "{D799DE2C-F24A-4419-8C83-DF2E05024BB1}"
	ProjectSection(SolutionItems) = preProject
		LICENSE = LICENSE
		README.md = README.md
		ROADMAP.md = ROADMAP.md
	EndProjectSection
EndProject
Project("{2150E333-8FDC-42A3-9474-1A3956D46DE8}") = "Tests", "Tests", "{CDB35376-B48C-42B0-BC8B-1B5B55829FC5}"
EndProject
Project("{9A19103F-16F7-4668-BE54-9A1E7A4F7556}") = "ChainLib", "src\ChainLib\ChainLib.csproj", "{A5B26E1B-9B4A-47D6-A2A8-C4469F70AB21}"
EndProject
Project("{9A19103F-16F7-4668-BE54-9A1E7A4F7556}") = "ChainLib.Tests", "test\ChainLib.Tests\ChainLib.Tests.csproj", "{7568E712-491D-42F2-89DC-25413DB4E6F8}"
EndProject
Project("{9A19103F-16F7-4668-BE54-9A1E7A4F7556}") = "ChainLib.Sqlite", "src\ChainLib.Sqlite\ChainLib.Sqlite.csproj", "{C80DBDF6-3512-4927-8D8F-F1DA2DCF6C77}"
EndProject
Project("{9A19103F-16F7-4668-BE54-9A1E7A4F7556}") = "ChainLib.WarpWallet", "src\ChainLib.WarpWallet\ChainLib.WarpWallet.csproj", "{6834AD13-524C-491A-8BF2-75AE4795A553}"
EndProject
Project("{2150E333-8FDC-42A3-9474-1A3956D46DE8}") = "Applications", "Applications", "{485150A3-13B5-4285-B658-2FEBD613D8D5}"
EndProject
Project("{9A19103F-16F7-4668-BE54-9A1E7A4F7556}") = "ChainLib.Cli", "src\ChainLib.Cli\ChainLib.Cli.csproj", "{7971480C-C9E8-4BD6-95F2-94CE7B1B1583}"
EndProject
Global
	GlobalSection(SolutionConfigurationPlatforms) = preSolution
		Debug|Any CPU = Debug|Any CPU
		Release|Any CPU = Release|Any CPU
	EndGlobalSection
	GlobalSection(ProjectConfigurationPlatforms) = postSolution
		{A5B26E1B-9B4A-47D6-A2A8-C4469F70AB21}.Debug|Any CPU.ActiveCfg = Debug|Any CPU
		{A5B26E1B-9B4A-47D6-A2A8-C4469F70AB21}.Debug|Any CPU.Build.0 = Debug|Any CPU
		{A5B26E1B-9B4A-47D6-A2A8-C4469F70AB21}.Release|Any CPU.ActiveCfg = Release|Any CPU
		{A5B26E1B-9B4A-47D6-A2A8-C4469F70AB21}.Release|Any CPU.Build.0 = Release|Any CPU
		{7568E712-491D-42F2-89DC-25413DB4E6F8}.Debug|Any CPU.ActiveCfg = Debug|Any CPU
		{7568E712-491D-42F2-89DC-25413DB4E6F8}.Debug|Any CPU.Build.0 = Debug|Any CPU
		{7568E712-491D-42F2-89DC-25413DB4E6F8}.Release|Any CPU.ActiveCfg = Release|Any CPU
		{7568E712-491D-42F2-89DC-25413DB4E6F8}.Release|Any CPU.Build.0 = Release|Any CPU
		{C80DBDF6-3512-4927-8D8F-F1DA2DCF6C77}.Debug|Any CPU.ActiveCfg = Debug|Any CPU
		{C80DBDF6-3512-4927-8D8F-F1DA2DCF6C77}.Debug|Any CPU.Build.0 = Debug|Any CPU
		{C80DBDF6-3512-4927-8D8F-F1DA2DCF6C77}.Release|Any CPU.ActiveCfg = Release|Any CPU
		{C80DBDF6-3512-4927-8D8F-F1DA2DCF6C77}.Release|Any CPU.Build.0 = Release|Any CPU
		{6834AD13-524C-491A-8BF2-75AE4795A553}.Debug|Any CPU.ActiveCfg = Debug|Any CPU
		{6834AD13-524C-491A-8BF2-75AE4795A553}.Debug|Any CPU.Build.0 = Debug|Any CPU
		{6834AD13-524C-491A-8BF2-75AE4795A553}.Release|Any CPU.ActiveCfg = Release|Any CPU
		{6834AD13-524C-491A-8BF2-75AE4795A553}.Release|Any CPU.Build.0 = Release|Any CPU
		{7971480C-C9E8-4BD6-95F2-94CE7B1B1583}.Debug|Any CPU.ActiveCfg = Debug|Any CPU
		{7971480C-C9E8-4BD6-95F2-94CE7B1B1583}.Debug|Any CPU.Build.0 = Debug|Any CPU
		{7971480C-C9E8-4BD6-95F2-94CE7B1B1583}.Release|Any CPU.ActiveCfg = Release|Any CPU
		{7971480C-C9E8-4BD6-95F2-94CE7B1B1583}.Release|Any CPU.Build.0 = Release|Any CPU
	EndGlobalSection
	GlobalSection(SolutionProperties) = preSolution
		HideSolutionNode = FALSE
	EndGlobalSection
	GlobalSection(NestedProjects) = preSolution
		{7568E712-491D-42F2-89DC-25413DB4E6F8} = {CDB35376-B48C-42B0-BC8B-1B5B55829FC5}
		{7971480C-C9E8-4BD6-95F2-94CE7B1B1583} = {485150A3-13B5-4285-B658-2FEBD613D8D5}
	EndGlobalSection
	GlobalSection(ExtensibilityGlobals) = postSolution
		SolutionGuid = {9332D765-4E73-4CAD-88FB-243D4CFF2185}
	EndGlobalSection
EndGlobal
