
Microsoft Visual Studio Solution File, Format Version 12.00
# Visual Studio 15
VisualStudioVersion = 15.0.26730.15
MinimumVisualStudioVersion = 10.0.40219.1
Project("{2150E333-8FDC-42A3-9474-1A3956D46DE8}") = "ThirdParty", "ThirdParty", "{E0058907-0471-4950-A816-18BA2391FB22}"
EndProject
Project("{9A19103F-16F7-4668-BE54-9A1E7A4F7556}") = "Chaos.NaCl", "src\Chaos.NaCl\Chaos.NaCl.csproj", "{AD85F0D8-09C6-46D1-8577-9A5C3F556331}"
EndProject
Project("{9A19103F-16F7-4668-BE54-9A1E7A4F7556}") = "NaiveCoin", "src\NaiveCoin\NaiveCoin.csproj", "{00209BFE-B3DE-4190-A443-64B3E8D5A33C}"
EndProject
Project("{9A19103F-16F7-4668-BE54-9A1E7A4F7556}") = "NaiveCoin.Tests", "test\NaiveCoin.Tests\NaiveCoin.Tests.csproj", "{71F85FE7-7C66-4E40-8398-974394CCB910}"
EndProject
Project("{2150E333-8FDC-42A3-9474-1A3956D46DE8}") = "Solution Items", "Solution Items", "{D799DE2C-F24A-4419-8C83-DF2E05024BB1}"
	ProjectSection(SolutionItems) = preProject
		LICENSE = LICENSE
		README.md = README.md
		ROADMAP.md = ROADMAP.md
	EndProjectSection
EndProject
Global
	GlobalSection(SolutionConfigurationPlatforms) = preSolution
		Debug|Any CPU = Debug|Any CPU
		Release|Any CPU = Release|Any CPU
	EndGlobalSection
	GlobalSection(ProjectConfigurationPlatforms) = postSolution
		{AD85F0D8-09C6-46D1-8577-9A5C3F556331}.Debug|Any CPU.ActiveCfg = Debug|Any CPU
		{AD85F0D8-09C6-46D1-8577-9A5C3F556331}.Debug|Any CPU.Build.0 = Debug|Any CPU
		{AD85F0D8-09C6-46D1-8577-9A5C3F556331}.Release|Any CPU.ActiveCfg = Release|Any CPU
		{AD85F0D8-09C6-46D1-8577-9A5C3F556331}.Release|Any CPU.Build.0 = Release|Any CPU
		{00209BFE-B3DE-4190-A443-64B3E8D5A33C}.Debug|Any CPU.ActiveCfg = Debug|Any CPU
		{00209BFE-B3DE-4190-A443-64B3E8D5A33C}.Debug|Any CPU.Build.0 = Debug|Any CPU
		{00209BFE-B3DE-4190-A443-64B3E8D5A33C}.Release|Any CPU.ActiveCfg = Release|Any CPU
		{00209BFE-B3DE-4190-A443-64B3E8D5A33C}.Release|Any CPU.Build.0 = Release|Any CPU
		{71F85FE7-7C66-4E40-8398-974394CCB910}.Debug|Any CPU.ActiveCfg = Debug|Any CPU
		{71F85FE7-7C66-4E40-8398-974394CCB910}.Debug|Any CPU.Build.0 = Debug|Any CPU
		{71F85FE7-7C66-4E40-8398-974394CCB910}.Release|Any CPU.ActiveCfg = Release|Any CPU
		{71F85FE7-7C66-4E40-8398-974394CCB910}.Release|Any CPU.Build.0 = Release|Any CPU
	EndGlobalSection
	GlobalSection(SolutionProperties) = preSolution
		HideSolutionNode = FALSE
	EndGlobalSection
	GlobalSection(NestedProjects) = preSolution
		{AD85F0D8-09C6-46D1-8577-9A5C3F556331} = {E0058907-0471-4950-A816-18BA2391FB22}
	EndGlobalSection
	GlobalSection(ExtensibilityGlobals) = postSolution
		SolutionGuid = {9332D765-4E73-4CAD-88FB-243D4CFF2185}
	EndGlobalSection
EndGlobal
