
Microsoft Visual Studio Solution File, Format Version 11.00
# Visual Studio 2010
Project("{FAE04EC0-301F-11D3-BF4B-00C04F79EFBC}") = "TweetSharp.Mono", "TweetSharp.Mono\TweetSharp.Mono.csproj", "{46B07B5B-DEDD-4609-AD5E-CCAF8D8B607E}"
EndProject
Global
	GlobalSection(SolutionConfigurationPlatforms) = preSolution
		Debug|x86 = Debug|x86
		Release|x86 = Release|x86
	EndGlobalSection
	GlobalSection(ProjectConfigurationPlatforms) = postSolution
		{46B07B5B-DEDD-4609-AD5E-CCAF8D8B607E}.Debug|x86.ActiveCfg = Debug|x86
		{46B07B5B-DEDD-4609-AD5E-CCAF8D8B607E}.Debug|x86.Build.0 = Debug|x86
		{46B07B5B-DEDD-4609-AD5E-CCAF8D8B607E}.Release|x86.ActiveCfg = Release|x86
		{46B07B5B-DEDD-4609-AD5E-CCAF8D8B607E}.Release|x86.Build.0 = Release|x86
	EndGlobalSection
	GlobalSection(MonoDevelopProperties) = preSolution
		StartupItem = TweetSharp.Mono\TweetSharp.Mono.csproj
	EndGlobalSection
EndGlobal
