
Microsoft Visual Studio Solution File, Format Version 12.00
# Visual Studio 2013
VisualStudioVersion = 12.0.31101.0
MinimumVisualStudioVersion = 10.0.40219.1
Project("{2150E333-8FDC-42A3-9474-1A3956D46DE8}") = "Solution Items", "Solution Items", "{F0C51C5C-F9A7-4108-93C2-6C60CC4356F7}"
	ProjectSection(SolutionItems) = preProject
		..\clean.bat = ..\clean.bat
		..\LICENSE.md = ..\LICENSE.md
		..\pack-nuget.bat = ..\pack-nuget.bat
		..\push-nuget.bat = ..\push-nuget.bat
		..\README.md = ..\README.md
		..\tweetsharp.nuspec = ..\tweetsharp.nuspec
	EndProjectSection
EndProject
Project("{2150E333-8FDC-42A3-9474-1A3956D46DE8}") = "Hammock", "Hammock", "{0C6ACA0E-F33B-439A-BA09-DB9E2C2A772F}"
EndProject
Project("{FAE04EC0-301F-11D3-BF4B-00C04F79EFBC}") = "TweetSharp.Net20", "TweetSharp.Net20\TweetSharp.Net20.csproj", "{7FEC89B1-DFFC-47BD-A8EF-B1F4883995A3}"
EndProject
Project("{FAE04EC0-301F-11D3-BF4B-00C04F79EFBC}") = "TweetSharp.Net35", "TweetSharp.Net35\TweetSharp.Net35.csproj", "{5D8BE3B2-C51F-4A81-9E4F-8607C09C966A}"
EndProject
Project("{FAE04EC0-301F-11D3-BF4B-00C04F79EFBC}") = "TweetSharp.WindowsPhone", "TweetSharp.WindowsPhone\TweetSharp.WindowsPhone.csproj", "{C1BDDF6E-0BB1-43B9-AA2C-3F0BAFFA263D}"
EndProject
Project("{FAE04EC0-301F-11D3-BF4B-00C04F79EFBC}") = "TweetSharp.WindowsPhone.Mango", "TweetSharp.WindowsPhone.Mango\TweetSharp.WindowsPhone.Mango.csproj", "{51554319-87B7-4D38-9DDA-8F771FDA70FD}"
EndProject
Project("{FAE04EC0-301F-11D3-BF4B-00C04F79EFBC}") = "TweetSharp.Tests", "TweetSharp.Tests\TweetSharp.Tests.csproj", "{D108B521-B7E1-4ED4-AB38-27A6C9685AF6}"
EndProject
Project("{FAE04EC0-301F-11D3-BF4B-00C04F79EFBC}") = "TweetSharp.Silverlight", "TweetSharp.Silverlight\TweetSharp.Silverlight.csproj", "{8BAC876F-19A2-4296-9828-E2F59AD8BAC5}"
EndProject
Project("{FAE04EC0-301F-11D3-BF4B-00C04F79EFBC}") = "TweetSharp", "TweetSharp\TweetSharp.csproj", "{10BFAA13-B836-4B37-B2D3-D4FEB3F3C484}"
EndProject
Project("{FAE04EC0-301F-11D3-BF4B-00C04F79EFBC}") = "Hammock.Net20", "..\hammock\src\net20\Hammock\Hammock.Net20.csproj", "{80647B8C-E162-4E34-A758-590280F11B97}"
EndProject
Project("{FAE04EC0-301F-11D3-BF4B-00C04F79EFBC}") = "Hammock.Net35", "..\hammock\src\net35\Hammock.ClientProfile\Hammock.Net35.csproj", "{73015806-7BE4-4BAB-AA07-ACC719EFE85A}"
EndProject
Project("{FAE04EC0-301F-11D3-BF4B-00C04F79EFBC}") = "Hammock.Silverlight", "..\hammock\src\net40\Hammock.Silverlight\Hammock.Silverlight.csproj", "{46AFFE9E-B0DF-4DE9-A1A3-1773E08DCB51}"
EndProject
Project("{FAE04EC0-301F-11D3-BF4B-00C04F79EFBC}") = "ICSharpCode.SharpZipLib.Silverlight", "..\hammock\src\net40\ICSharpCode.SharpZipLib.Silverlight\ICSharpCode.SharpZipLib.Silverlight.csproj", "{5953279F-F478-4D5F-9906-03D56CE2DA2D}"
EndProject
Project("{FAE04EC0-301F-11D3-BF4B-00C04F79EFBC}") = "ICSharpCode.SharpZipLib.WindowsPhone", "..\hammock\src\net40\ICSharpCode.SharpZipLib.WindowsPhone\ICSharpCode.SharpZipLib.WindowsPhone.csproj", "{BF04A546-D681-4F5A-AC41-CFC67CAEC66E}"
EndProject
Project("{FAE04EC0-301F-11D3-BF4B-00C04F79EFBC}") = "Hammock.WindowsPhone", "..\hammock\src\net40\Hammock.WindowsPhone\Hammock.WindowsPhone.csproj", "{3059FD1C-4B4B-4460-A0D4-53C84CCE6CAC}"
EndProject
Project("{FAE04EC0-301F-11D3-BF4B-00C04F79EFBC}") = "Hammock.WindowsPhone.Mango", "..\hammock\src\net40\Hammock.WindowsPhone.Mango\Hammock.WindowsPhone.Mango.csproj", "{CD029D13-5037-43A6-8CD9-5F12B00A7DE0}"
EndProject
Project("{FAE04EC0-301F-11D3-BF4B-00C04F79EFBC}") = "Hammock.ClientProfile", "..\hammock\src\net40\Hammock.ClientProfile\Hammock.ClientProfile.csproj", "{487B7E3C-9689-47BC-8785-73CCD92A3749}"
EndProject
Project("{FAE04EC0-301F-11D3-BF4B-00C04F79EFBC}") = "TweetSharp.Mono", "TweetSharp.Mono\TweetSharp.Mono.csproj", "{46B07B5B-DEDD-4609-AD5E-CCAF8D8B607E}"
EndProject
Project("{FAE04EC0-301F-11D3-BF4B-00C04F79EFBC}") = "Hammock.Mono", "..\hammock\src\mono\Hammock.Mono\Hammock.Mono.csproj", "{C8371692-DA90-4437-BCB7-A5A2EF37B095}"
EndProject
Project("{FAE04EC0-301F-11D3-BF4B-00C04F79EFBC}") = "TweetSharp.Net45", "TweetSharp.Net45\TweetSharp.Net45.csproj", "{775C4D4F-E4D9-4C01-84DB-9181FD65707D}"
EndProject
Project("{FAE04EC0-301F-11D3-BF4B-00C04F79EFBC}") = "Hammock.WinRT", "..\hammock\src\WinRT\Hammock.WinRT.csproj", "{40A91CEF-EFEA-4C9C-86F2-E3856BB82D04}"
EndProject
Project("{FAE04EC0-301F-11D3-BF4B-00C04F79EFBC}") = "TweetSharp.WinRT", "TweetSharp.WinRT\TweetSharp.WinRT.csproj", "{6957E510-E0DE-4B11-8F0F-9B09F40B69CF}"
EndProject
Project("{2150E333-8FDC-42A3-9474-1A3956D46DE8}") = ".nuget", ".nuget", "{DCC1FFC4-2E62-4446-A764-AB712F3B062D}"
	ProjectSection(SolutionItems) = preProject
		.nuget\NuGet.Config = .nuget\NuGet.Config
		.nuget\NuGet.exe = .nuget\NuGet.exe
		.nuget\NuGet.targets = .nuget\NuGet.targets
	EndProjectSection
EndProject
Global
	GlobalSection(SolutionConfigurationPlatforms) = preSolution
		ClientProfiles|Any CPU = ClientProfiles|Any CPU
		ClientProfiles|ARM = ClientProfiles|ARM
		ClientProfiles|Mixed Platforms = ClientProfiles|Mixed Platforms
		ClientProfiles|x86 = ClientProfiles|x86
		Debug|Any CPU = Debug|Any CPU
		Debug|ARM = Debug|ARM
		Debug|Mixed Platforms = Debug|Mixed Platforms
		Debug|x86 = Debug|x86
		Mono|Any CPU = Mono|Any CPU
		Mono|ARM = Mono|ARM
		Mono|Mixed Platforms = Mono|Mixed Platforms
		Mono|x86 = Mono|x86
		Release|Any CPU = Release|Any CPU
		Release|ARM = Release|ARM
		Release|Mixed Platforms = Release|Mixed Platforms
		Release|x86 = Release|x86
	EndGlobalSection
	GlobalSection(ProjectConfigurationPlatforms) = postSolution
		{7FEC89B1-DFFC-47BD-A8EF-B1F4883995A3}.ClientProfiles|Any CPU.ActiveCfg = Release|Any CPU
		{7FEC89B1-DFFC-47BD-A8EF-B1F4883995A3}.ClientProfiles|Any CPU.Build.0 = Release|Any CPU
		{7FEC89B1-DFFC-47BD-A8EF-B1F4883995A3}.ClientProfiles|ARM.ActiveCfg = Debug|Any CPU
		{7FEC89B1-DFFC-47BD-A8EF-B1F4883995A3}.ClientProfiles|Mixed Platforms.ActiveCfg = Debug|Any CPU
		{7FEC89B1-DFFC-47BD-A8EF-B1F4883995A3}.ClientProfiles|Mixed Platforms.Build.0 = Debug|Any CPU
		{7FEC89B1-DFFC-47BD-A8EF-B1F4883995A3}.ClientProfiles|x86.ActiveCfg = Debug|Any CPU
		{7FEC89B1-DFFC-47BD-A8EF-B1F4883995A3}.Debug|Any CPU.ActiveCfg = Debug|Any CPU
		{7FEC89B1-DFFC-47BD-A8EF-B1F4883995A3}.Debug|Any CPU.Build.0 = Debug|Any CPU
		{7FEC89B1-DFFC-47BD-A8EF-B1F4883995A3}.Debug|ARM.ActiveCfg = Debug|Any CPU
		{7FEC89B1-DFFC-47BD-A8EF-B1F4883995A3}.Debug|Mixed Platforms.ActiveCfg = Debug|Any CPU
		{7FEC89B1-DFFC-47BD-A8EF-B1F4883995A3}.Debug|Mixed Platforms.Build.0 = Debug|Any CPU
		{7FEC89B1-DFFC-47BD-A8EF-B1F4883995A3}.Debug|x86.ActiveCfg = Debug|Any CPU
		{7FEC89B1-DFFC-47BD-A8EF-B1F4883995A3}.Mono|Any CPU.ActiveCfg = Release|Any CPU
		{7FEC89B1-DFFC-47BD-A8EF-B1F4883995A3}.Mono|Any CPU.Build.0 = Release|Any CPU
		{7FEC89B1-DFFC-47BD-A8EF-B1F4883995A3}.Mono|ARM.ActiveCfg = Debug|Any CPU
		{7FEC89B1-DFFC-47BD-A8EF-B1F4883995A3}.Mono|Mixed Platforms.ActiveCfg = Debug|Any CPU
		{7FEC89B1-DFFC-47BD-A8EF-B1F4883995A3}.Mono|Mixed Platforms.Build.0 = Debug|Any CPU
		{7FEC89B1-DFFC-47BD-A8EF-B1F4883995A3}.Mono|x86.ActiveCfg = Debug|Any CPU
		{7FEC89B1-DFFC-47BD-A8EF-B1F4883995A3}.Release|Any CPU.ActiveCfg = Release|Any CPU
		{7FEC89B1-DFFC-47BD-A8EF-B1F4883995A3}.Release|Any CPU.Build.0 = Release|Any CPU
		{7FEC89B1-DFFC-47BD-A8EF-B1F4883995A3}.Release|ARM.ActiveCfg = Release|Any CPU
		{7FEC89B1-DFFC-47BD-A8EF-B1F4883995A3}.Release|Mixed Platforms.ActiveCfg = Release|Any CPU
		{7FEC89B1-DFFC-47BD-A8EF-B1F4883995A3}.Release|Mixed Platforms.Build.0 = Release|Any CPU
		{7FEC89B1-DFFC-47BD-A8EF-B1F4883995A3}.Release|x86.ActiveCfg = Release|Any CPU
		{5D8BE3B2-C51F-4A81-9E4F-8607C09C966A}.ClientProfiles|Any CPU.ActiveCfg = Release|Any CPU
		{5D8BE3B2-C51F-4A81-9E4F-8607C09C966A}.ClientProfiles|Any CPU.Build.0 = Release|Any CPU
		{5D8BE3B2-C51F-4A81-9E4F-8607C09C966A}.ClientProfiles|ARM.ActiveCfg = Debug|Any CPU
		{5D8BE3B2-C51F-4A81-9E4F-8607C09C966A}.ClientProfiles|Mixed Platforms.ActiveCfg = Debug|Any CPU
		{5D8BE3B2-C51F-4A81-9E4F-8607C09C966A}.ClientProfiles|Mixed Platforms.Build.0 = Debug|Any CPU
		{5D8BE3B2-C51F-4A81-9E4F-8607C09C966A}.ClientProfiles|x86.ActiveCfg = Debug|Any CPU
		{5D8BE3B2-C51F-4A81-9E4F-8607C09C966A}.Debug|Any CPU.ActiveCfg = Debug|Any CPU
		{5D8BE3B2-C51F-4A81-9E4F-8607C09C966A}.Debug|Any CPU.Build.0 = Debug|Any CPU
		{5D8BE3B2-C51F-4A81-9E4F-8607C09C966A}.Debug|ARM.ActiveCfg = Debug|Any CPU
		{5D8BE3B2-C51F-4A81-9E4F-8607C09C966A}.Debug|Mixed Platforms.ActiveCfg = Debug|Any CPU
		{5D8BE3B2-C51F-4A81-9E4F-8607C09C966A}.Debug|Mixed Platforms.Build.0 = Debug|Any CPU
		{5D8BE3B2-C51F-4A81-9E4F-8607C09C966A}.Debug|x86.ActiveCfg = Debug|Any CPU
		{5D8BE3B2-C51F-4A81-9E4F-8607C09C966A}.Mono|Any CPU.ActiveCfg = Release|Any CPU
		{5D8BE3B2-C51F-4A81-9E4F-8607C09C966A}.Mono|Any CPU.Build.0 = Release|Any CPU
		{5D8BE3B2-C51F-4A81-9E4F-8607C09C966A}.Mono|ARM.ActiveCfg = Debug|Any CPU
		{5D8BE3B2-C51F-4A81-9E4F-8607C09C966A}.Mono|Mixed Platforms.ActiveCfg = Debug|Any CPU
		{5D8BE3B2-C51F-4A81-9E4F-8607C09C966A}.Mono|Mixed Platforms.Build.0 = Debug|Any CPU
		{5D8BE3B2-C51F-4A81-9E4F-8607C09C966A}.Mono|x86.ActiveCfg = Debug|Any CPU
		{5D8BE3B2-C51F-4A81-9E4F-8607C09C966A}.Release|Any CPU.ActiveCfg = Release|Any CPU
		{5D8BE3B2-C51F-4A81-9E4F-8607C09C966A}.Release|Any CPU.Build.0 = Release|Any CPU
		{5D8BE3B2-C51F-4A81-9E4F-8607C09C966A}.Release|ARM.ActiveCfg = Release|Any CPU
		{5D8BE3B2-C51F-4A81-9E4F-8607C09C966A}.Release|Mixed Platforms.ActiveCfg = Release|Any CPU
		{5D8BE3B2-C51F-4A81-9E4F-8607C09C966A}.Release|Mixed Platforms.Build.0 = Release|Any CPU
		{5D8BE3B2-C51F-4A81-9E4F-8607C09C966A}.Release|x86.ActiveCfg = Release|Any CPU
		{C1BDDF6E-0BB1-43B9-AA2C-3F0BAFFA263D}.ClientProfiles|Any CPU.ActiveCfg = Release|Any CPU
		{C1BDDF6E-0BB1-43B9-AA2C-3F0BAFFA263D}.ClientProfiles|Any CPU.Build.0 = Release|Any CPU
		{C1BDDF6E-0BB1-43B9-AA2C-3F0BAFFA263D}.ClientProfiles|ARM.ActiveCfg = Release|ARM
		{C1BDDF6E-0BB1-43B9-AA2C-3F0BAFFA263D}.ClientProfiles|ARM.Build.0 = Release|ARM
		{C1BDDF6E-0BB1-43B9-AA2C-3F0BAFFA263D}.ClientProfiles|Mixed Platforms.ActiveCfg = Debug|Any CPU
		{C1BDDF6E-0BB1-43B9-AA2C-3F0BAFFA263D}.ClientProfiles|Mixed Platforms.Build.0 = Debug|Any CPU
		{C1BDDF6E-0BB1-43B9-AA2C-3F0BAFFA263D}.ClientProfiles|x86.ActiveCfg = Debug|Any CPU
		{C1BDDF6E-0BB1-43B9-AA2C-3F0BAFFA263D}.Debug|Any CPU.ActiveCfg = Debug|Any CPU
		{C1BDDF6E-0BB1-43B9-AA2C-3F0BAFFA263D}.Debug|Any CPU.Build.0 = Debug|Any CPU
		{C1BDDF6E-0BB1-43B9-AA2C-3F0BAFFA263D}.Debug|ARM.ActiveCfg = Debug|ARM
		{C1BDDF6E-0BB1-43B9-AA2C-3F0BAFFA263D}.Debug|ARM.Build.0 = Debug|ARM
		{C1BDDF6E-0BB1-43B9-AA2C-3F0BAFFA263D}.Debug|Mixed Platforms.ActiveCfg = Debug|Any CPU
		{C1BDDF6E-0BB1-43B9-AA2C-3F0BAFFA263D}.Debug|Mixed Platforms.Build.0 = Debug|Any CPU
		{C1BDDF6E-0BB1-43B9-AA2C-3F0BAFFA263D}.Debug|x86.ActiveCfg = Debug|Any CPU
		{C1BDDF6E-0BB1-43B9-AA2C-3F0BAFFA263D}.Mono|Any CPU.ActiveCfg = Release|Any CPU
		{C1BDDF6E-0BB1-43B9-AA2C-3F0BAFFA263D}.Mono|Any CPU.Build.0 = Release|Any CPU
		{C1BDDF6E-0BB1-43B9-AA2C-3F0BAFFA263D}.Mono|ARM.ActiveCfg = Release|ARM
		{C1BDDF6E-0BB1-43B9-AA2C-3F0BAFFA263D}.Mono|ARM.Build.0 = Release|ARM
		{C1BDDF6E-0BB1-43B9-AA2C-3F0BAFFA263D}.Mono|Mixed Platforms.ActiveCfg = Debug|Any CPU
		{C1BDDF6E-0BB1-43B9-AA2C-3F0BAFFA263D}.Mono|Mixed Platforms.Build.0 = Debug|Any CPU
		{C1BDDF6E-0BB1-43B9-AA2C-3F0BAFFA263D}.Mono|x86.ActiveCfg = Debug|Any CPU
		{C1BDDF6E-0BB1-43B9-AA2C-3F0BAFFA263D}.Release|Any CPU.ActiveCfg = Release|Any CPU
		{C1BDDF6E-0BB1-43B9-AA2C-3F0BAFFA263D}.Release|Any CPU.Build.0 = Release|Any CPU
		{C1BDDF6E-0BB1-43B9-AA2C-3F0BAFFA263D}.Release|ARM.ActiveCfg = Release|ARM
		{C1BDDF6E-0BB1-43B9-AA2C-3F0BAFFA263D}.Release|ARM.Build.0 = Release|ARM
		{C1BDDF6E-0BB1-43B9-AA2C-3F0BAFFA263D}.Release|Mixed Platforms.ActiveCfg = Release|Any CPU
		{C1BDDF6E-0BB1-43B9-AA2C-3F0BAFFA263D}.Release|Mixed Platforms.Build.0 = Release|Any CPU
		{C1BDDF6E-0BB1-43B9-AA2C-3F0BAFFA263D}.Release|x86.ActiveCfg = Release|Any CPU
		{51554319-87B7-4D38-9DDA-8F771FDA70FD}.ClientProfiles|Any CPU.ActiveCfg = Release|Any CPU
		{51554319-87B7-4D38-9DDA-8F771FDA70FD}.ClientProfiles|Any CPU.Build.0 = Release|Any CPU
		{51554319-87B7-4D38-9DDA-8F771FDA70FD}.ClientProfiles|ARM.ActiveCfg = Release|ARM
		{51554319-87B7-4D38-9DDA-8F771FDA70FD}.ClientProfiles|ARM.Build.0 = Release|ARM
		{51554319-87B7-4D38-9DDA-8F771FDA70FD}.ClientProfiles|Mixed Platforms.ActiveCfg = Debug|Any CPU
		{51554319-87B7-4D38-9DDA-8F771FDA70FD}.ClientProfiles|Mixed Platforms.Build.0 = Debug|Any CPU
		{51554319-87B7-4D38-9DDA-8F771FDA70FD}.ClientProfiles|x86.ActiveCfg = Debug|Any CPU
		{51554319-87B7-4D38-9DDA-8F771FDA70FD}.Debug|Any CPU.ActiveCfg = Debug|Any CPU
		{51554319-87B7-4D38-9DDA-8F771FDA70FD}.Debug|Any CPU.Build.0 = Debug|Any CPU
		{51554319-87B7-4D38-9DDA-8F771FDA70FD}.Debug|ARM.ActiveCfg = Debug|ARM
		{51554319-87B7-4D38-9DDA-8F771FDA70FD}.Debug|ARM.Build.0 = Debug|ARM
		{51554319-87B7-4D38-9DDA-8F771FDA70FD}.Debug|Mixed Platforms.ActiveCfg = Debug|Any CPU
		{51554319-87B7-4D38-9DDA-8F771FDA70FD}.Debug|Mixed Platforms.Build.0 = Debug|Any CPU
		{51554319-87B7-4D38-9DDA-8F771FDA70FD}.Debug|x86.ActiveCfg = Debug|Any CPU
		{51554319-87B7-4D38-9DDA-8F771FDA70FD}.Mono|Any CPU.ActiveCfg = Release|Any CPU
		{51554319-87B7-4D38-9DDA-8F771FDA70FD}.Mono|Any CPU.Build.0 = Release|Any CPU
		{51554319-87B7-4D38-9DDA-8F771FDA70FD}.Mono|ARM.ActiveCfg = Release|ARM
		{51554319-87B7-4D38-9DDA-8F771FDA70FD}.Mono|ARM.Build.0 = Release|ARM
		{51554319-87B7-4D38-9DDA-8F771FDA70FD}.Mono|Mixed Platforms.ActiveCfg = Debug|Any CPU
		{51554319-87B7-4D38-9DDA-8F771FDA70FD}.Mono|Mixed Platforms.Build.0 = Debug|Any CPU
		{51554319-87B7-4D38-9DDA-8F771FDA70FD}.Mono|x86.ActiveCfg = Debug|Any CPU
		{51554319-87B7-4D38-9DDA-8F771FDA70FD}.Release|Any CPU.ActiveCfg = Release|Any CPU
		{51554319-87B7-4D38-9DDA-8F771FDA70FD}.Release|Any CPU.Build.0 = Release|Any CPU
		{51554319-87B7-4D38-9DDA-8F771FDA70FD}.Release|ARM.ActiveCfg = Release|ARM
		{51554319-87B7-4D38-9DDA-8F771FDA70FD}.Release|ARM.Build.0 = Release|ARM
		{51554319-87B7-4D38-9DDA-8F771FDA70FD}.Release|Mixed Platforms.ActiveCfg = Release|Any CPU
		{51554319-87B7-4D38-9DDA-8F771FDA70FD}.Release|Mixed Platforms.Build.0 = Release|Any CPU
		{51554319-87B7-4D38-9DDA-8F771FDA70FD}.Release|x86.ActiveCfg = Release|Any CPU
		{D108B521-B7E1-4ED4-AB38-27A6C9685AF6}.ClientProfiles|Any CPU.ActiveCfg = Release|Any CPU
		{D108B521-B7E1-4ED4-AB38-27A6C9685AF6}.ClientProfiles|Any CPU.Build.0 = Release|Any CPU
		{D108B521-B7E1-4ED4-AB38-27A6C9685AF6}.ClientProfiles|ARM.ActiveCfg = Debug|Any CPU
		{D108B521-B7E1-4ED4-AB38-27A6C9685AF6}.ClientProfiles|Mixed Platforms.ActiveCfg = Debug|Any CPU
		{D108B521-B7E1-4ED4-AB38-27A6C9685AF6}.ClientProfiles|Mixed Platforms.Build.0 = Debug|Any CPU
		{D108B521-B7E1-4ED4-AB38-27A6C9685AF6}.ClientProfiles|x86.ActiveCfg = Debug|Any CPU
		{D108B521-B7E1-4ED4-AB38-27A6C9685AF6}.Debug|Any CPU.ActiveCfg = Debug|Any CPU
		{D108B521-B7E1-4ED4-AB38-27A6C9685AF6}.Debug|Any CPU.Build.0 = Debug|Any CPU
		{D108B521-B7E1-4ED4-AB38-27A6C9685AF6}.Debug|ARM.ActiveCfg = Debug|Any CPU
		{D108B521-B7E1-4ED4-AB38-27A6C9685AF6}.Debug|Mixed Platforms.ActiveCfg = Debug|Any CPU
		{D108B521-B7E1-4ED4-AB38-27A6C9685AF6}.Debug|Mixed Platforms.Build.0 = Debug|Any CPU
		{D108B521-B7E1-4ED4-AB38-27A6C9685AF6}.Debug|x86.ActiveCfg = Debug|Any CPU
		{D108B521-B7E1-4ED4-AB38-27A6C9685AF6}.Mono|Any CPU.ActiveCfg = Release|Any CPU
		{D108B521-B7E1-4ED4-AB38-27A6C9685AF6}.Mono|Any CPU.Build.0 = Release|Any CPU
		{D108B521-B7E1-4ED4-AB38-27A6C9685AF6}.Mono|ARM.ActiveCfg = Debug|Any CPU
		{D108B521-B7E1-4ED4-AB38-27A6C9685AF6}.Mono|Mixed Platforms.ActiveCfg = Debug|Any CPU
		{D108B521-B7E1-4ED4-AB38-27A6C9685AF6}.Mono|Mixed Platforms.Build.0 = Debug|Any CPU
		{D108B521-B7E1-4ED4-AB38-27A6C9685AF6}.Mono|x86.ActiveCfg = Debug|Any CPU
		{D108B521-B7E1-4ED4-AB38-27A6C9685AF6}.Release|Any CPU.ActiveCfg = Release|Any CPU
		{D108B521-B7E1-4ED4-AB38-27A6C9685AF6}.Release|Any CPU.Build.0 = Release|Any CPU
		{D108B521-B7E1-4ED4-AB38-27A6C9685AF6}.Release|ARM.ActiveCfg = Release|Any CPU
		{D108B521-B7E1-4ED4-AB38-27A6C9685AF6}.Release|Mixed Platforms.ActiveCfg = Release|Any CPU
		{D108B521-B7E1-4ED4-AB38-27A6C9685AF6}.Release|Mixed Platforms.Build.0 = Release|Any CPU
		{D108B521-B7E1-4ED4-AB38-27A6C9685AF6}.Release|x86.ActiveCfg = Release|Any CPU
		{8BAC876F-19A2-4296-9828-E2F59AD8BAC5}.ClientProfiles|Any CPU.ActiveCfg = Release|Any CPU
		{8BAC876F-19A2-4296-9828-E2F59AD8BAC5}.ClientProfiles|Any CPU.Build.0 = Release|Any CPU
		{8BAC876F-19A2-4296-9828-E2F59AD8BAC5}.ClientProfiles|ARM.ActiveCfg = Debug|Any CPU
		{8BAC876F-19A2-4296-9828-E2F59AD8BAC5}.ClientProfiles|Mixed Platforms.ActiveCfg = Debug|Any CPU
		{8BAC876F-19A2-4296-9828-E2F59AD8BAC5}.ClientProfiles|Mixed Platforms.Build.0 = Debug|Any CPU
		{8BAC876F-19A2-4296-9828-E2F59AD8BAC5}.ClientProfiles|x86.ActiveCfg = Debug|Any CPU
		{8BAC876F-19A2-4296-9828-E2F59AD8BAC5}.Debug|Any CPU.ActiveCfg = Debug|Any CPU
		{8BAC876F-19A2-4296-9828-E2F59AD8BAC5}.Debug|Any CPU.Build.0 = Debug|Any CPU
		{8BAC876F-19A2-4296-9828-E2F59AD8BAC5}.Debug|ARM.ActiveCfg = Debug|Any CPU
		{8BAC876F-19A2-4296-9828-E2F59AD8BAC5}.Debug|Mixed Platforms.ActiveCfg = Debug|Any CPU
		{8BAC876F-19A2-4296-9828-E2F59AD8BAC5}.Debug|Mixed Platforms.Build.0 = Debug|Any CPU
		{8BAC876F-19A2-4296-9828-E2F59AD8BAC5}.Debug|x86.ActiveCfg = Debug|Any CPU
		{8BAC876F-19A2-4296-9828-E2F59AD8BAC5}.Mono|Any CPU.ActiveCfg = Release|Any CPU
		{8BAC876F-19A2-4296-9828-E2F59AD8BAC5}.Mono|Any CPU.Build.0 = Release|Any CPU
		{8BAC876F-19A2-4296-9828-E2F59AD8BAC5}.Mono|ARM.ActiveCfg = Debug|Any CPU
		{8BAC876F-19A2-4296-9828-E2F59AD8BAC5}.Mono|Mixed Platforms.ActiveCfg = Debug|Any CPU
		{8BAC876F-19A2-4296-9828-E2F59AD8BAC5}.Mono|Mixed Platforms.Build.0 = Debug|Any CPU
		{8BAC876F-19A2-4296-9828-E2F59AD8BAC5}.Mono|x86.ActiveCfg = Debug|Any CPU
		{8BAC876F-19A2-4296-9828-E2F59AD8BAC5}.Release|Any CPU.ActiveCfg = Release|Any CPU
		{8BAC876F-19A2-4296-9828-E2F59AD8BAC5}.Release|Any CPU.Build.0 = Release|Any CPU
		{8BAC876F-19A2-4296-9828-E2F59AD8BAC5}.Release|ARM.ActiveCfg = Release|Any CPU
		{8BAC876F-19A2-4296-9828-E2F59AD8BAC5}.Release|Mixed Platforms.ActiveCfg = Release|Any CPU
		{8BAC876F-19A2-4296-9828-E2F59AD8BAC5}.Release|Mixed Platforms.Build.0 = Release|Any CPU
		{8BAC876F-19A2-4296-9828-E2F59AD8BAC5}.Release|x86.ActiveCfg = Release|Any CPU
		{10BFAA13-B836-4B37-B2D3-D4FEB3F3C484}.ClientProfiles|Any CPU.ActiveCfg = Release|Any CPU
		{10BFAA13-B836-4B37-B2D3-D4FEB3F3C484}.ClientProfiles|Any CPU.Build.0 = Release|Any CPU
		{10BFAA13-B836-4B37-B2D3-D4FEB3F3C484}.ClientProfiles|ARM.ActiveCfg = Debug|Any CPU
		{10BFAA13-B836-4B37-B2D3-D4FEB3F3C484}.ClientProfiles|Mixed Platforms.ActiveCfg = Debug|Any CPU
		{10BFAA13-B836-4B37-B2D3-D4FEB3F3C484}.ClientProfiles|Mixed Platforms.Build.0 = Debug|Any CPU
		{10BFAA13-B836-4B37-B2D3-D4FEB3F3C484}.ClientProfiles|x86.ActiveCfg = Debug|Any CPU
		{10BFAA13-B836-4B37-B2D3-D4FEB3F3C484}.Debug|Any CPU.ActiveCfg = Debug|Any CPU
		{10BFAA13-B836-4B37-B2D3-D4FEB3F3C484}.Debug|Any CPU.Build.0 = Debug|Any CPU
		{10BFAA13-B836-4B37-B2D3-D4FEB3F3C484}.Debug|ARM.ActiveCfg = Debug|Any CPU
		{10BFAA13-B836-4B37-B2D3-D4FEB3F3C484}.Debug|Mixed Platforms.ActiveCfg = Debug|Any CPU
		{10BFAA13-B836-4B37-B2D3-D4FEB3F3C484}.Debug|Mixed Platforms.Build.0 = Debug|Any CPU
		{10BFAA13-B836-4B37-B2D3-D4FEB3F3C484}.Debug|x86.ActiveCfg = Debug|Any CPU
		{10BFAA13-B836-4B37-B2D3-D4FEB3F3C484}.Mono|Any CPU.ActiveCfg = Release|Any CPU
		{10BFAA13-B836-4B37-B2D3-D4FEB3F3C484}.Mono|Any CPU.Build.0 = Release|Any CPU
		{10BFAA13-B836-4B37-B2D3-D4FEB3F3C484}.Mono|ARM.ActiveCfg = Debug|Any CPU
		{10BFAA13-B836-4B37-B2D3-D4FEB3F3C484}.Mono|Mixed Platforms.ActiveCfg = Debug|Any CPU
		{10BFAA13-B836-4B37-B2D3-D4FEB3F3C484}.Mono|Mixed Platforms.Build.0 = Debug|Any CPU
		{10BFAA13-B836-4B37-B2D3-D4FEB3F3C484}.Mono|x86.ActiveCfg = Debug|Any CPU
		{10BFAA13-B836-4B37-B2D3-D4FEB3F3C484}.Release|Any CPU.ActiveCfg = Release|Any CPU
		{10BFAA13-B836-4B37-B2D3-D4FEB3F3C484}.Release|Any CPU.Build.0 = Release|Any CPU
		{10BFAA13-B836-4B37-B2D3-D4FEB3F3C484}.Release|ARM.ActiveCfg = Release|Any CPU
		{10BFAA13-B836-4B37-B2D3-D4FEB3F3C484}.Release|Mixed Platforms.ActiveCfg = Release|Any CPU
		{10BFAA13-B836-4B37-B2D3-D4FEB3F3C484}.Release|Mixed Platforms.Build.0 = Release|Any CPU
		{10BFAA13-B836-4B37-B2D3-D4FEB3F3C484}.Release|x86.ActiveCfg = Release|Any CPU
		{80647B8C-E162-4E34-A758-590280F11B97}.ClientProfiles|Any CPU.ActiveCfg = Release|Any CPU
		{80647B8C-E162-4E34-A758-590280F11B97}.ClientProfiles|Any CPU.Build.0 = Release|Any CPU
		{80647B8C-E162-4E34-A758-590280F11B97}.ClientProfiles|ARM.ActiveCfg = Debug|Any CPU
		{80647B8C-E162-4E34-A758-590280F11B97}.ClientProfiles|Mixed Platforms.ActiveCfg = Debug|Any CPU
		{80647B8C-E162-4E34-A758-590280F11B97}.ClientProfiles|Mixed Platforms.Build.0 = Debug|Any CPU
		{80647B8C-E162-4E34-A758-590280F11B97}.ClientProfiles|x86.ActiveCfg = Debug|Any CPU
		{80647B8C-E162-4E34-A758-590280F11B97}.Debug|Any CPU.ActiveCfg = Debug|Any CPU
		{80647B8C-E162-4E34-A758-590280F11B97}.Debug|Any CPU.Build.0 = Debug|Any CPU
		{80647B8C-E162-4E34-A758-590280F11B97}.Debug|ARM.ActiveCfg = Debug|Any CPU
		{80647B8C-E162-4E34-A758-590280F11B97}.Debug|Mixed Platforms.ActiveCfg = Debug|Any CPU
		{80647B8C-E162-4E34-A758-590280F11B97}.Debug|Mixed Platforms.Build.0 = Debug|Any CPU
		{80647B8C-E162-4E34-A758-590280F11B97}.Debug|x86.ActiveCfg = Debug|Any CPU
		{80647B8C-E162-4E34-A758-590280F11B97}.Mono|Any CPU.ActiveCfg = Release|Any CPU
		{80647B8C-E162-4E34-A758-590280F11B97}.Mono|Any CPU.Build.0 = Release|Any CPU
		{80647B8C-E162-4E34-A758-590280F11B97}.Mono|ARM.ActiveCfg = Debug|Any CPU
		{80647B8C-E162-4E34-A758-590280F11B97}.Mono|Mixed Platforms.ActiveCfg = Debug|Any CPU
		{80647B8C-E162-4E34-A758-590280F11B97}.Mono|Mixed Platforms.Build.0 = Debug|Any CPU
		{80647B8C-E162-4E34-A758-590280F11B97}.Mono|x86.ActiveCfg = Debug|Any CPU
		{80647B8C-E162-4E34-A758-590280F11B97}.Release|Any CPU.ActiveCfg = Release|Any CPU
		{80647B8C-E162-4E34-A758-590280F11B97}.Release|Any CPU.Build.0 = Release|Any CPU
		{80647B8C-E162-4E34-A758-590280F11B97}.Release|ARM.ActiveCfg = Release|Any CPU
		{80647B8C-E162-4E34-A758-590280F11B97}.Release|Mixed Platforms.ActiveCfg = Release|Any CPU
		{80647B8C-E162-4E34-A758-590280F11B97}.Release|Mixed Platforms.Build.0 = Release|Any CPU
		{80647B8C-E162-4E34-A758-590280F11B97}.Release|x86.ActiveCfg = Release|Any CPU
		{73015806-7BE4-4BAB-AA07-ACC719EFE85A}.ClientProfiles|Any CPU.ActiveCfg = Release|Any CPU
		{73015806-7BE4-4BAB-AA07-ACC719EFE85A}.ClientProfiles|Any CPU.Build.0 = Release|Any CPU
		{73015806-7BE4-4BAB-AA07-ACC719EFE85A}.ClientProfiles|ARM.ActiveCfg = Debug|Any CPU
		{73015806-7BE4-4BAB-AA07-ACC719EFE85A}.ClientProfiles|Mixed Platforms.ActiveCfg = Debug|Any CPU
		{73015806-7BE4-4BAB-AA07-ACC719EFE85A}.ClientProfiles|Mixed Platforms.Build.0 = Debug|Any CPU
		{73015806-7BE4-4BAB-AA07-ACC719EFE85A}.ClientProfiles|x86.ActiveCfg = Debug|Any CPU
		{73015806-7BE4-4BAB-AA07-ACC719EFE85A}.Debug|Any CPU.ActiveCfg = Debug|Any CPU
		{73015806-7BE4-4BAB-AA07-ACC719EFE85A}.Debug|Any CPU.Build.0 = Debug|Any CPU
		{73015806-7BE4-4BAB-AA07-ACC719EFE85A}.Debug|ARM.ActiveCfg = Debug|Any CPU
		{73015806-7BE4-4BAB-AA07-ACC719EFE85A}.Debug|Mixed Platforms.ActiveCfg = Debug|Any CPU
		{73015806-7BE4-4BAB-AA07-ACC719EFE85A}.Debug|Mixed Platforms.Build.0 = Debug|Any CPU
		{73015806-7BE4-4BAB-AA07-ACC719EFE85A}.Debug|x86.ActiveCfg = Debug|Any CPU
		{73015806-7BE4-4BAB-AA07-ACC719EFE85A}.Mono|Any CPU.ActiveCfg = Release|Any CPU
		{73015806-7BE4-4BAB-AA07-ACC719EFE85A}.Mono|Any CPU.Build.0 = Release|Any CPU
		{73015806-7BE4-4BAB-AA07-ACC719EFE85A}.Mono|ARM.ActiveCfg = Debug|Any CPU
		{73015806-7BE4-4BAB-AA07-ACC719EFE85A}.Mono|Mixed Platforms.ActiveCfg = Debug|Any CPU
		{73015806-7BE4-4BAB-AA07-ACC719EFE85A}.Mono|Mixed Platforms.Build.0 = Debug|Any CPU
		{73015806-7BE4-4BAB-AA07-ACC719EFE85A}.Mono|x86.ActiveCfg = Debug|Any CPU
		{73015806-7BE4-4BAB-AA07-ACC719EFE85A}.Release|Any CPU.ActiveCfg = Release|Any CPU
		{73015806-7BE4-4BAB-AA07-ACC719EFE85A}.Release|Any CPU.Build.0 = Release|Any CPU
		{73015806-7BE4-4BAB-AA07-ACC719EFE85A}.Release|ARM.ActiveCfg = Release|Any CPU
		{73015806-7BE4-4BAB-AA07-ACC719EFE85A}.Release|Mixed Platforms.ActiveCfg = Release|Any CPU
		{73015806-7BE4-4BAB-AA07-ACC719EFE85A}.Release|Mixed Platforms.Build.0 = Release|Any CPU
		{73015806-7BE4-4BAB-AA07-ACC719EFE85A}.Release|x86.ActiveCfg = Release|Any CPU
		{46AFFE9E-B0DF-4DE9-A1A3-1773E08DCB51}.ClientProfiles|Any CPU.ActiveCfg = ClientProfiles|Any CPU
		{46AFFE9E-B0DF-4DE9-A1A3-1773E08DCB51}.ClientProfiles|Any CPU.Build.0 = ClientProfiles|Any CPU
		{46AFFE9E-B0DF-4DE9-A1A3-1773E08DCB51}.ClientProfiles|ARM.ActiveCfg = ClientProfiles|Any CPU
		{46AFFE9E-B0DF-4DE9-A1A3-1773E08DCB51}.ClientProfiles|Mixed Platforms.ActiveCfg = ClientProfiles|Any CPU
		{46AFFE9E-B0DF-4DE9-A1A3-1773E08DCB51}.ClientProfiles|Mixed Platforms.Build.0 = ClientProfiles|Any CPU
		{46AFFE9E-B0DF-4DE9-A1A3-1773E08DCB51}.ClientProfiles|x86.ActiveCfg = ClientProfiles|Any CPU
		{46AFFE9E-B0DF-4DE9-A1A3-1773E08DCB51}.Debug|Any CPU.ActiveCfg = Debug|Any CPU
		{46AFFE9E-B0DF-4DE9-A1A3-1773E08DCB51}.Debug|Any CPU.Build.0 = Debug|Any CPU
		{46AFFE9E-B0DF-4DE9-A1A3-1773E08DCB51}.Debug|ARM.ActiveCfg = Debug|Any CPU
		{46AFFE9E-B0DF-4DE9-A1A3-1773E08DCB51}.Debug|Mixed Platforms.ActiveCfg = Debug|Any CPU
		{46AFFE9E-B0DF-4DE9-A1A3-1773E08DCB51}.Debug|Mixed Platforms.Build.0 = Debug|Any CPU
		{46AFFE9E-B0DF-4DE9-A1A3-1773E08DCB51}.Debug|x86.ActiveCfg = Debug|Any CPU
		{46AFFE9E-B0DF-4DE9-A1A3-1773E08DCB51}.Mono|Any CPU.ActiveCfg = ClientProfiles|Any CPU
		{46AFFE9E-B0DF-4DE9-A1A3-1773E08DCB51}.Mono|Any CPU.Build.0 = ClientProfiles|Any CPU
		{46AFFE9E-B0DF-4DE9-A1A3-1773E08DCB51}.Mono|ARM.ActiveCfg = Release|Any CPU
		{46AFFE9E-B0DF-4DE9-A1A3-1773E08DCB51}.Mono|Mixed Platforms.ActiveCfg = Release|Any CPU
		{46AFFE9E-B0DF-4DE9-A1A3-1773E08DCB51}.Mono|Mixed Platforms.Build.0 = Release|Any CPU
		{46AFFE9E-B0DF-4DE9-A1A3-1773E08DCB51}.Mono|x86.ActiveCfg = Release|Any CPU
		{46AFFE9E-B0DF-4DE9-A1A3-1773E08DCB51}.Release|Any CPU.ActiveCfg = Release|Any CPU
		{46AFFE9E-B0DF-4DE9-A1A3-1773E08DCB51}.Release|Any CPU.Build.0 = Release|Any CPU
		{46AFFE9E-B0DF-4DE9-A1A3-1773E08DCB51}.Release|ARM.ActiveCfg = Release|Any CPU
		{46AFFE9E-B0DF-4DE9-A1A3-1773E08DCB51}.Release|Mixed Platforms.ActiveCfg = Release|Any CPU
		{46AFFE9E-B0DF-4DE9-A1A3-1773E08DCB51}.Release|Mixed Platforms.Build.0 = Release|Any CPU
		{46AFFE9E-B0DF-4DE9-A1A3-1773E08DCB51}.Release|x86.ActiveCfg = Release|Any CPU
		{5953279F-F478-4D5F-9906-03D56CE2DA2D}.ClientProfiles|Any CPU.ActiveCfg = Release|Any CPU
		{5953279F-F478-4D5F-9906-03D56CE2DA2D}.ClientProfiles|Any CPU.Build.0 = Release|Any CPU
		{5953279F-F478-4D5F-9906-03D56CE2DA2D}.ClientProfiles|ARM.ActiveCfg = Debug|Any CPU
		{5953279F-F478-4D5F-9906-03D56CE2DA2D}.ClientProfiles|Mixed Platforms.ActiveCfg = Debug|Any CPU
		{5953279F-F478-4D5F-9906-03D56CE2DA2D}.ClientProfiles|Mixed Platforms.Build.0 = Debug|Any CPU
		{5953279F-F478-4D5F-9906-03D56CE2DA2D}.ClientProfiles|x86.ActiveCfg = Debug|Any CPU
		{5953279F-F478-4D5F-9906-03D56CE2DA2D}.Debug|Any CPU.ActiveCfg = Debug|Any CPU
		{5953279F-F478-4D5F-9906-03D56CE2DA2D}.Debug|Any CPU.Build.0 = Debug|Any CPU
		{5953279F-F478-4D5F-9906-03D56CE2DA2D}.Debug|ARM.ActiveCfg = Debug|Any CPU
		{5953279F-F478-4D5F-9906-03D56CE2DA2D}.Debug|Mixed Platforms.ActiveCfg = Debug|Any CPU
		{5953279F-F478-4D5F-9906-03D56CE2DA2D}.Debug|Mixed Platforms.Build.0 = Debug|Any CPU
		{5953279F-F478-4D5F-9906-03D56CE2DA2D}.Debug|x86.ActiveCfg = Debug|Any CPU
		{5953279F-F478-4D5F-9906-03D56CE2DA2D}.Mono|Any CPU.ActiveCfg = Release|Any CPU
		{5953279F-F478-4D5F-9906-03D56CE2DA2D}.Mono|Any CPU.Build.0 = Release|Any CPU
		{5953279F-F478-4D5F-9906-03D56CE2DA2D}.Mono|ARM.ActiveCfg = Debug|Any CPU
		{5953279F-F478-4D5F-9906-03D56CE2DA2D}.Mono|Mixed Platforms.ActiveCfg = Debug|Any CPU
		{5953279F-F478-4D5F-9906-03D56CE2DA2D}.Mono|Mixed Platforms.Build.0 = Debug|Any CPU
		{5953279F-F478-4D5F-9906-03D56CE2DA2D}.Mono|x86.ActiveCfg = Debug|Any CPU
		{5953279F-F478-4D5F-9906-03D56CE2DA2D}.Release|Any CPU.ActiveCfg = Release|Any CPU
		{5953279F-F478-4D5F-9906-03D56CE2DA2D}.Release|Any CPU.Build.0 = Release|Any CPU
		{5953279F-F478-4D5F-9906-03D56CE2DA2D}.Release|ARM.ActiveCfg = Release|Any CPU
		{5953279F-F478-4D5F-9906-03D56CE2DA2D}.Release|Mixed Platforms.ActiveCfg = Release|Any CPU
		{5953279F-F478-4D5F-9906-03D56CE2DA2D}.Release|Mixed Platforms.Build.0 = Release|Any CPU
		{5953279F-F478-4D5F-9906-03D56CE2DA2D}.Release|x86.ActiveCfg = Release|Any CPU
		{BF04A546-D681-4F5A-AC41-CFC67CAEC66E}.ClientProfiles|Any CPU.ActiveCfg = Release|Any CPU
		{BF04A546-D681-4F5A-AC41-CFC67CAEC66E}.ClientProfiles|Any CPU.Build.0 = Release|Any CPU
		{BF04A546-D681-4F5A-AC41-CFC67CAEC66E}.ClientProfiles|ARM.ActiveCfg = Release|ARM
		{BF04A546-D681-4F5A-AC41-CFC67CAEC66E}.ClientProfiles|ARM.Build.0 = Release|ARM
		{BF04A546-D681-4F5A-AC41-CFC67CAEC66E}.ClientProfiles|Mixed Platforms.ActiveCfg = Debug|Any CPU
		{BF04A546-D681-4F5A-AC41-CFC67CAEC66E}.ClientProfiles|Mixed Platforms.Build.0 = Debug|Any CPU
		{BF04A546-D681-4F5A-AC41-CFC67CAEC66E}.ClientProfiles|x86.ActiveCfg = Debug|Any CPU
		{BF04A546-D681-4F5A-AC41-CFC67CAEC66E}.Debug|Any CPU.ActiveCfg = Debug|Any CPU
		{BF04A546-D681-4F5A-AC41-CFC67CAEC66E}.Debug|Any CPU.Build.0 = Debug|Any CPU
		{BF04A546-D681-4F5A-AC41-CFC67CAEC66E}.Debug|ARM.ActiveCfg = Debug|ARM
		{BF04A546-D681-4F5A-AC41-CFC67CAEC66E}.Debug|ARM.Build.0 = Debug|ARM
		{BF04A546-D681-4F5A-AC41-CFC67CAEC66E}.Debug|Mixed Platforms.ActiveCfg = Debug|Any CPU
		{BF04A546-D681-4F5A-AC41-CFC67CAEC66E}.Debug|Mixed Platforms.Build.0 = Debug|Any CPU
		{BF04A546-D681-4F5A-AC41-CFC67CAEC66E}.Debug|x86.ActiveCfg = Debug|Any CPU
		{BF04A546-D681-4F5A-AC41-CFC67CAEC66E}.Mono|Any CPU.ActiveCfg = Release|Any CPU
		{BF04A546-D681-4F5A-AC41-CFC67CAEC66E}.Mono|Any CPU.Build.0 = Release|Any CPU
		{BF04A546-D681-4F5A-AC41-CFC67CAEC66E}.Mono|ARM.ActiveCfg = Release|ARM
		{BF04A546-D681-4F5A-AC41-CFC67CAEC66E}.Mono|ARM.Build.0 = Release|ARM
		{BF04A546-D681-4F5A-AC41-CFC67CAEC66E}.Mono|Mixed Platforms.ActiveCfg = Debug|Any CPU
		{BF04A546-D681-4F5A-AC41-CFC67CAEC66E}.Mono|Mixed Platforms.Build.0 = Debug|Any CPU
		{BF04A546-D681-4F5A-AC41-CFC67CAEC66E}.Mono|x86.ActiveCfg = Debug|Any CPU
		{BF04A546-D681-4F5A-AC41-CFC67CAEC66E}.Release|Any CPU.ActiveCfg = Release|Any CPU
		{BF04A546-D681-4F5A-AC41-CFC67CAEC66E}.Release|Any CPU.Build.0 = Release|Any CPU
		{BF04A546-D681-4F5A-AC41-CFC67CAEC66E}.Release|ARM.ActiveCfg = Release|ARM
		{BF04A546-D681-4F5A-AC41-CFC67CAEC66E}.Release|ARM.Build.0 = Release|ARM
		{BF04A546-D681-4F5A-AC41-CFC67CAEC66E}.Release|Mixed Platforms.ActiveCfg = Release|Any CPU
		{BF04A546-D681-4F5A-AC41-CFC67CAEC66E}.Release|Mixed Platforms.Build.0 = Release|Any CPU
		{BF04A546-D681-4F5A-AC41-CFC67CAEC66E}.Release|x86.ActiveCfg = Release|Any CPU
		{3059FD1C-4B4B-4460-A0D4-53C84CCE6CAC}.ClientProfiles|Any CPU.ActiveCfg = ClientProfiles|Any CPU
		{3059FD1C-4B4B-4460-A0D4-53C84CCE6CAC}.ClientProfiles|Any CPU.Build.0 = ClientProfiles|Any CPU
		{3059FD1C-4B4B-4460-A0D4-53C84CCE6CAC}.ClientProfiles|ARM.ActiveCfg = ClientProfiles|ARM
		{3059FD1C-4B4B-4460-A0D4-53C84CCE6CAC}.ClientProfiles|ARM.Build.0 = ClientProfiles|ARM
		{3059FD1C-4B4B-4460-A0D4-53C84CCE6CAC}.ClientProfiles|Mixed Platforms.ActiveCfg = ClientProfiles|Any CPU
		{3059FD1C-4B4B-4460-A0D4-53C84CCE6CAC}.ClientProfiles|Mixed Platforms.Build.0 = ClientProfiles|Any CPU
		{3059FD1C-4B4B-4460-A0D4-53C84CCE6CAC}.ClientProfiles|x86.ActiveCfg = ClientProfiles|Any CPU
		{3059FD1C-4B4B-4460-A0D4-53C84CCE6CAC}.Debug|Any CPU.ActiveCfg = Debug|Any CPU
		{3059FD1C-4B4B-4460-A0D4-53C84CCE6CAC}.Debug|Any CPU.Build.0 = Debug|Any CPU
		{3059FD1C-4B4B-4460-A0D4-53C84CCE6CAC}.Debug|ARM.ActiveCfg = Debug|ARM
		{3059FD1C-4B4B-4460-A0D4-53C84CCE6CAC}.Debug|ARM.Build.0 = Debug|ARM
		{3059FD1C-4B4B-4460-A0D4-53C84CCE6CAC}.Debug|Mixed Platforms.ActiveCfg = Debug|Any CPU
		{3059FD1C-4B4B-4460-A0D4-53C84CCE6CAC}.Debug|Mixed Platforms.Build.0 = Debug|Any CPU
		{3059FD1C-4B4B-4460-A0D4-53C84CCE6CAC}.Debug|x86.ActiveCfg = Debug|Any CPU
		{3059FD1C-4B4B-4460-A0D4-53C84CCE6CAC}.Mono|Any CPU.ActiveCfg = ClientProfiles|Any CPU
		{3059FD1C-4B4B-4460-A0D4-53C84CCE6CAC}.Mono|Any CPU.Build.0 = ClientProfiles|Any CPU
		{3059FD1C-4B4B-4460-A0D4-53C84CCE6CAC}.Mono|ARM.ActiveCfg = ClientProfiles|ARM
		{3059FD1C-4B4B-4460-A0D4-53C84CCE6CAC}.Mono|ARM.Build.0 = ClientProfiles|ARM
		{3059FD1C-4B4B-4460-A0D4-53C84CCE6CAC}.Mono|Mixed Platforms.ActiveCfg = Release|Any CPU
		{3059FD1C-4B4B-4460-A0D4-53C84CCE6CAC}.Mono|Mixed Platforms.Build.0 = Release|Any CPU
		{3059FD1C-4B4B-4460-A0D4-53C84CCE6CAC}.Mono|x86.ActiveCfg = Release|Any CPU
		{3059FD1C-4B4B-4460-A0D4-53C84CCE6CAC}.Release|Any CPU.ActiveCfg = Release|Any CPU
		{3059FD1C-4B4B-4460-A0D4-53C84CCE6CAC}.Release|Any CPU.Build.0 = Release|Any CPU
		{3059FD1C-4B4B-4460-A0D4-53C84CCE6CAC}.Release|ARM.ActiveCfg = Release|ARM
		{3059FD1C-4B4B-4460-A0D4-53C84CCE6CAC}.Release|ARM.Build.0 = Release|ARM
		{3059FD1C-4B4B-4460-A0D4-53C84CCE6CAC}.Release|Mixed Platforms.ActiveCfg = Release|Any CPU
		{3059FD1C-4B4B-4460-A0D4-53C84CCE6CAC}.Release|Mixed Platforms.Build.0 = Release|Any CPU
		{3059FD1C-4B4B-4460-A0D4-53C84CCE6CAC}.Release|x86.ActiveCfg = Release|Any CPU
		{CD029D13-5037-43A6-8CD9-5F12B00A7DE0}.ClientProfiles|Any CPU.ActiveCfg = Release|Any CPU
		{CD029D13-5037-43A6-8CD9-5F12B00A7DE0}.ClientProfiles|Any CPU.Build.0 = Release|Any CPU
		{CD029D13-5037-43A6-8CD9-5F12B00A7DE0}.ClientProfiles|ARM.ActiveCfg = Release|ARM
		{CD029D13-5037-43A6-8CD9-5F12B00A7DE0}.ClientProfiles|ARM.Build.0 = Release|ARM
		{CD029D13-5037-43A6-8CD9-5F12B00A7DE0}.ClientProfiles|Mixed Platforms.ActiveCfg = Debug|Any CPU
		{CD029D13-5037-43A6-8CD9-5F12B00A7DE0}.ClientProfiles|Mixed Platforms.Build.0 = Debug|Any CPU
		{CD029D13-5037-43A6-8CD9-5F12B00A7DE0}.ClientProfiles|x86.ActiveCfg = Debug|Any CPU
		{CD029D13-5037-43A6-8CD9-5F12B00A7DE0}.Debug|Any CPU.ActiveCfg = Debug|Any CPU
		{CD029D13-5037-43A6-8CD9-5F12B00A7DE0}.Debug|Any CPU.Build.0 = Debug|Any CPU
		{CD029D13-5037-43A6-8CD9-5F12B00A7DE0}.Debug|ARM.ActiveCfg = Debug|ARM
		{CD029D13-5037-43A6-8CD9-5F12B00A7DE0}.Debug|ARM.Build.0 = Debug|ARM
		{CD029D13-5037-43A6-8CD9-5F12B00A7DE0}.Debug|Mixed Platforms.ActiveCfg = Debug|Any CPU
		{CD029D13-5037-43A6-8CD9-5F12B00A7DE0}.Debug|Mixed Platforms.Build.0 = Debug|Any CPU
		{CD029D13-5037-43A6-8CD9-5F12B00A7DE0}.Debug|x86.ActiveCfg = Debug|Any CPU
		{CD029D13-5037-43A6-8CD9-5F12B00A7DE0}.Mono|Any CPU.ActiveCfg = Release|Any CPU
		{CD029D13-5037-43A6-8CD9-5F12B00A7DE0}.Mono|Any CPU.Build.0 = Release|Any CPU
		{CD029D13-5037-43A6-8CD9-5F12B00A7DE0}.Mono|ARM.ActiveCfg = Release|ARM
		{CD029D13-5037-43A6-8CD9-5F12B00A7DE0}.Mono|ARM.Build.0 = Release|ARM
		{CD029D13-5037-43A6-8CD9-5F12B00A7DE0}.Mono|Mixed Platforms.ActiveCfg = Debug|Any CPU
		{CD029D13-5037-43A6-8CD9-5F12B00A7DE0}.Mono|Mixed Platforms.Build.0 = Debug|Any CPU
		{CD029D13-5037-43A6-8CD9-5F12B00A7DE0}.Mono|x86.ActiveCfg = Debug|Any CPU
		{CD029D13-5037-43A6-8CD9-5F12B00A7DE0}.Release|Any CPU.ActiveCfg = Release|Any CPU
		{CD029D13-5037-43A6-8CD9-5F12B00A7DE0}.Release|Any CPU.Build.0 = Release|Any CPU
		{CD029D13-5037-43A6-8CD9-5F12B00A7DE0}.Release|ARM.ActiveCfg = Release|ARM
		{CD029D13-5037-43A6-8CD9-5F12B00A7DE0}.Release|ARM.Build.0 = Release|ARM
		{CD029D13-5037-43A6-8CD9-5F12B00A7DE0}.Release|Mixed Platforms.ActiveCfg = Release|Any CPU
		{CD029D13-5037-43A6-8CD9-5F12B00A7DE0}.Release|Mixed Platforms.Build.0 = Release|Any CPU
		{CD029D13-5037-43A6-8CD9-5F12B00A7DE0}.Release|x86.ActiveCfg = Release|Any CPU
		{487B7E3C-9689-47BC-8785-73CCD92A3749}.ClientProfiles|Any CPU.ActiveCfg = Release|Any CPU
		{487B7E3C-9689-47BC-8785-73CCD92A3749}.ClientProfiles|Any CPU.Build.0 = Release|Any CPU
		{487B7E3C-9689-47BC-8785-73CCD92A3749}.ClientProfiles|ARM.ActiveCfg = Debug|Any CPU
		{487B7E3C-9689-47BC-8785-73CCD92A3749}.ClientProfiles|Mixed Platforms.ActiveCfg = Debug|Any CPU
		{487B7E3C-9689-47BC-8785-73CCD92A3749}.ClientProfiles|Mixed Platforms.Build.0 = Debug|Any CPU
		{487B7E3C-9689-47BC-8785-73CCD92A3749}.ClientProfiles|x86.ActiveCfg = Debug|Any CPU
		{487B7E3C-9689-47BC-8785-73CCD92A3749}.Debug|Any CPU.ActiveCfg = Debug|Any CPU
		{487B7E3C-9689-47BC-8785-73CCD92A3749}.Debug|Any CPU.Build.0 = Debug|Any CPU
		{487B7E3C-9689-47BC-8785-73CCD92A3749}.Debug|ARM.ActiveCfg = Debug|Any CPU
		{487B7E3C-9689-47BC-8785-73CCD92A3749}.Debug|Mixed Platforms.ActiveCfg = Debug|Any CPU
		{487B7E3C-9689-47BC-8785-73CCD92A3749}.Debug|Mixed Platforms.Build.0 = Debug|Any CPU
		{487B7E3C-9689-47BC-8785-73CCD92A3749}.Debug|x86.ActiveCfg = Debug|Any CPU
		{487B7E3C-9689-47BC-8785-73CCD92A3749}.Mono|Any CPU.ActiveCfg = Release|Any CPU
		{487B7E3C-9689-47BC-8785-73CCD92A3749}.Mono|Any CPU.Build.0 = Release|Any CPU
		{487B7E3C-9689-47BC-8785-73CCD92A3749}.Mono|ARM.ActiveCfg = Debug|Any CPU
		{487B7E3C-9689-47BC-8785-73CCD92A3749}.Mono|Mixed Platforms.ActiveCfg = Debug|Any CPU
		{487B7E3C-9689-47BC-8785-73CCD92A3749}.Mono|Mixed Platforms.Build.0 = Debug|Any CPU
		{487B7E3C-9689-47BC-8785-73CCD92A3749}.Mono|x86.ActiveCfg = Debug|Any CPU
		{487B7E3C-9689-47BC-8785-73CCD92A3749}.Release|Any CPU.ActiveCfg = Release|Any CPU
		{487B7E3C-9689-47BC-8785-73CCD92A3749}.Release|Any CPU.Build.0 = Release|Any CPU
		{487B7E3C-9689-47BC-8785-73CCD92A3749}.Release|ARM.ActiveCfg = Release|Any CPU
		{487B7E3C-9689-47BC-8785-73CCD92A3749}.Release|Mixed Platforms.ActiveCfg = Release|Any CPU
		{487B7E3C-9689-47BC-8785-73CCD92A3749}.Release|Mixed Platforms.Build.0 = Release|Any CPU
		{487B7E3C-9689-47BC-8785-73CCD92A3749}.Release|x86.ActiveCfg = Release|Any CPU
		{46B07B5B-DEDD-4609-AD5E-CCAF8D8B607E}.ClientProfiles|Any CPU.ActiveCfg = Release|x86
		{46B07B5B-DEDD-4609-AD5E-CCAF8D8B607E}.ClientProfiles|ARM.ActiveCfg = Debug|x86
		{46B07B5B-DEDD-4609-AD5E-CCAF8D8B607E}.ClientProfiles|Mixed Platforms.ActiveCfg = Release|x86
		{46B07B5B-DEDD-4609-AD5E-CCAF8D8B607E}.ClientProfiles|Mixed Platforms.Build.0 = Release|x86
		{46B07B5B-DEDD-4609-AD5E-CCAF8D8B607E}.ClientProfiles|x86.ActiveCfg = Release|x86
		{46B07B5B-DEDD-4609-AD5E-CCAF8D8B607E}.ClientProfiles|x86.Build.0 = Release|x86
		{46B07B5B-DEDD-4609-AD5E-CCAF8D8B607E}.Debug|Any CPU.ActiveCfg = Debug|x86
		{46B07B5B-DEDD-4609-AD5E-CCAF8D8B607E}.Debug|ARM.ActiveCfg = Debug|x86
		{46B07B5B-DEDD-4609-AD5E-CCAF8D8B607E}.Debug|Mixed Platforms.ActiveCfg = Debug|x86
		{46B07B5B-DEDD-4609-AD5E-CCAF8D8B607E}.Debug|Mixed Platforms.Build.0 = Debug|x86
		{46B07B5B-DEDD-4609-AD5E-CCAF8D8B607E}.Debug|x86.ActiveCfg = Debug|x86
		{46B07B5B-DEDD-4609-AD5E-CCAF8D8B607E}.Debug|x86.Build.0 = Debug|x86
		{46B07B5B-DEDD-4609-AD5E-CCAF8D8B607E}.Mono|Any CPU.ActiveCfg = Release|x86
		{46B07B5B-DEDD-4609-AD5E-CCAF8D8B607E}.Mono|ARM.ActiveCfg = Debug|x86
		{46B07B5B-DEDD-4609-AD5E-CCAF8D8B607E}.Mono|Mixed Platforms.ActiveCfg = Release|x86
		{46B07B5B-DEDD-4609-AD5E-CCAF8D8B607E}.Mono|Mixed Platforms.Build.0 = Release|x86
		{46B07B5B-DEDD-4609-AD5E-CCAF8D8B607E}.Mono|x86.ActiveCfg = Release|x86
		{46B07B5B-DEDD-4609-AD5E-CCAF8D8B607E}.Mono|x86.Build.0 = Release|x86
		{46B07B5B-DEDD-4609-AD5E-CCAF8D8B607E}.Release|Any CPU.ActiveCfg = Release|x86
		{46B07B5B-DEDD-4609-AD5E-CCAF8D8B607E}.Release|ARM.ActiveCfg = Release|x86
		{46B07B5B-DEDD-4609-AD5E-CCAF8D8B607E}.Release|Mixed Platforms.ActiveCfg = Release|x86
		{46B07B5B-DEDD-4609-AD5E-CCAF8D8B607E}.Release|Mixed Platforms.Build.0 = Release|x86
		{46B07B5B-DEDD-4609-AD5E-CCAF8D8B607E}.Release|x86.ActiveCfg = Release|x86
		{46B07B5B-DEDD-4609-AD5E-CCAF8D8B607E}.Release|x86.Build.0 = Release|x86
		{C8371692-DA90-4437-BCB7-A5A2EF37B095}.ClientProfiles|Any CPU.ActiveCfg = Release|Any CPU
		{C8371692-DA90-4437-BCB7-A5A2EF37B095}.ClientProfiles|Any CPU.Build.0 = Release|Any CPU
		{C8371692-DA90-4437-BCB7-A5A2EF37B095}.ClientProfiles|ARM.ActiveCfg = Debug|Any CPU
		{C8371692-DA90-4437-BCB7-A5A2EF37B095}.ClientProfiles|Mixed Platforms.ActiveCfg = Release|Any CPU
		{C8371692-DA90-4437-BCB7-A5A2EF37B095}.ClientProfiles|Mixed Platforms.Build.0 = Release|Any CPU
		{C8371692-DA90-4437-BCB7-A5A2EF37B095}.ClientProfiles|x86.ActiveCfg = Release|Any CPU
		{C8371692-DA90-4437-BCB7-A5A2EF37B095}.Debug|Any CPU.ActiveCfg = Debug|Any CPU
		{C8371692-DA90-4437-BCB7-A5A2EF37B095}.Debug|Any CPU.Build.0 = Debug|Any CPU
		{C8371692-DA90-4437-BCB7-A5A2EF37B095}.Debug|ARM.ActiveCfg = Debug|Any CPU
		{C8371692-DA90-4437-BCB7-A5A2EF37B095}.Debug|Mixed Platforms.ActiveCfg = Debug|Any CPU
		{C8371692-DA90-4437-BCB7-A5A2EF37B095}.Debug|Mixed Platforms.Build.0 = Debug|Any CPU
		{C8371692-DA90-4437-BCB7-A5A2EF37B095}.Debug|x86.ActiveCfg = Debug|Any CPU
		{C8371692-DA90-4437-BCB7-A5A2EF37B095}.Mono|Any CPU.ActiveCfg = Release|Any CPU
		{C8371692-DA90-4437-BCB7-A5A2EF37B095}.Mono|Any CPU.Build.0 = Release|Any CPU
		{C8371692-DA90-4437-BCB7-A5A2EF37B095}.Mono|ARM.ActiveCfg = Debug|Any CPU
		{C8371692-DA90-4437-BCB7-A5A2EF37B095}.Mono|Mixed Platforms.ActiveCfg = Release|Any CPU
		{C8371692-DA90-4437-BCB7-A5A2EF37B095}.Mono|Mixed Platforms.Build.0 = Release|Any CPU
		{C8371692-DA90-4437-BCB7-A5A2EF37B095}.Mono|x86.ActiveCfg = Release|Any CPU
		{C8371692-DA90-4437-BCB7-A5A2EF37B095}.Release|Any CPU.ActiveCfg = Release|Any CPU
		{C8371692-DA90-4437-BCB7-A5A2EF37B095}.Release|Any CPU.Build.0 = Release|Any CPU
		{C8371692-DA90-4437-BCB7-A5A2EF37B095}.Release|ARM.ActiveCfg = Release|Any CPU
		{C8371692-DA90-4437-BCB7-A5A2EF37B095}.Release|Mixed Platforms.ActiveCfg = Release|Any CPU
		{C8371692-DA90-4437-BCB7-A5A2EF37B095}.Release|Mixed Platforms.Build.0 = Release|Any CPU
		{C8371692-DA90-4437-BCB7-A5A2EF37B095}.Release|x86.ActiveCfg = Release|Any CPU
		{775C4D4F-E4D9-4C01-84DB-9181FD65707D}.ClientProfiles|Any CPU.ActiveCfg = Release|Any CPU
		{775C4D4F-E4D9-4C01-84DB-9181FD65707D}.ClientProfiles|Any CPU.Build.0 = Release|Any CPU
		{775C4D4F-E4D9-4C01-84DB-9181FD65707D}.ClientProfiles|ARM.ActiveCfg = Debug|Any CPU
		{775C4D4F-E4D9-4C01-84DB-9181FD65707D}.ClientProfiles|Mixed Platforms.ActiveCfg = Release|Any CPU
		{775C4D4F-E4D9-4C01-84DB-9181FD65707D}.ClientProfiles|Mixed Platforms.Build.0 = Release|Any CPU
		{775C4D4F-E4D9-4C01-84DB-9181FD65707D}.ClientProfiles|x86.ActiveCfg = Release|Any CPU
		{775C4D4F-E4D9-4C01-84DB-9181FD65707D}.Debug|Any CPU.ActiveCfg = Debug|Any CPU
		{775C4D4F-E4D9-4C01-84DB-9181FD65707D}.Debug|Any CPU.Build.0 = Debug|Any CPU
		{775C4D4F-E4D9-4C01-84DB-9181FD65707D}.Debug|ARM.ActiveCfg = Debug|Any CPU
		{775C4D4F-E4D9-4C01-84DB-9181FD65707D}.Debug|Mixed Platforms.ActiveCfg = Debug|Any CPU
		{775C4D4F-E4D9-4C01-84DB-9181FD65707D}.Debug|Mixed Platforms.Build.0 = Debug|Any CPU
		{775C4D4F-E4D9-4C01-84DB-9181FD65707D}.Debug|x86.ActiveCfg = Debug|Any CPU
		{775C4D4F-E4D9-4C01-84DB-9181FD65707D}.Mono|Any CPU.ActiveCfg = Release|Any CPU
		{775C4D4F-E4D9-4C01-84DB-9181FD65707D}.Mono|Any CPU.Build.0 = Release|Any CPU
		{775C4D4F-E4D9-4C01-84DB-9181FD65707D}.Mono|ARM.ActiveCfg = Debug|Any CPU
		{775C4D4F-E4D9-4C01-84DB-9181FD65707D}.Mono|Mixed Platforms.ActiveCfg = Release|Any CPU
		{775C4D4F-E4D9-4C01-84DB-9181FD65707D}.Mono|Mixed Platforms.Build.0 = Release|Any CPU
		{775C4D4F-E4D9-4C01-84DB-9181FD65707D}.Mono|x86.ActiveCfg = Release|Any CPU
		{775C4D4F-E4D9-4C01-84DB-9181FD65707D}.Release|Any CPU.ActiveCfg = Release|Any CPU
		{775C4D4F-E4D9-4C01-84DB-9181FD65707D}.Release|Any CPU.Build.0 = Release|Any CPU
		{775C4D4F-E4D9-4C01-84DB-9181FD65707D}.Release|ARM.ActiveCfg = Release|Any CPU
		{775C4D4F-E4D9-4C01-84DB-9181FD65707D}.Release|Mixed Platforms.ActiveCfg = Release|Any CPU
		{775C4D4F-E4D9-4C01-84DB-9181FD65707D}.Release|Mixed Platforms.Build.0 = Release|Any CPU
		{775C4D4F-E4D9-4C01-84DB-9181FD65707D}.Release|x86.ActiveCfg = Release|Any CPU
		{40A91CEF-EFEA-4C9C-86F2-E3856BB82D04}.ClientProfiles|Any CPU.ActiveCfg = Release|Any CPU
		{40A91CEF-EFEA-4C9C-86F2-E3856BB82D04}.ClientProfiles|Any CPU.Build.0 = Release|Any CPU
		{40A91CEF-EFEA-4C9C-86F2-E3856BB82D04}.ClientProfiles|ARM.ActiveCfg = Release|Any CPU
		{40A91CEF-EFEA-4C9C-86F2-E3856BB82D04}.ClientProfiles|Mixed Platforms.ActiveCfg = Release|Any CPU
		{40A91CEF-EFEA-4C9C-86F2-E3856BB82D04}.ClientProfiles|Mixed Platforms.Build.0 = Release|Any CPU
		{40A91CEF-EFEA-4C9C-86F2-E3856BB82D04}.ClientProfiles|x86.ActiveCfg = Release|Any CPU
		{40A91CEF-EFEA-4C9C-86F2-E3856BB82D04}.Debug|Any CPU.ActiveCfg = Debug|Any CPU
		{40A91CEF-EFEA-4C9C-86F2-E3856BB82D04}.Debug|Any CPU.Build.0 = Debug|Any CPU
		{40A91CEF-EFEA-4C9C-86F2-E3856BB82D04}.Debug|ARM.ActiveCfg = Debug|Any CPU
		{40A91CEF-EFEA-4C9C-86F2-E3856BB82D04}.Debug|Mixed Platforms.ActiveCfg = Debug|Any CPU
		{40A91CEF-EFEA-4C9C-86F2-E3856BB82D04}.Debug|Mixed Platforms.Build.0 = Debug|Any CPU
		{40A91CEF-EFEA-4C9C-86F2-E3856BB82D04}.Debug|x86.ActiveCfg = Debug|Any CPU
		{40A91CEF-EFEA-4C9C-86F2-E3856BB82D04}.Mono|Any CPU.ActiveCfg = Release|Any CPU
		{40A91CEF-EFEA-4C9C-86F2-E3856BB82D04}.Mono|Any CPU.Build.0 = Release|Any CPU
		{40A91CEF-EFEA-4C9C-86F2-E3856BB82D04}.Mono|ARM.ActiveCfg = Release|Any CPU
		{40A91CEF-EFEA-4C9C-86F2-E3856BB82D04}.Mono|Mixed Platforms.ActiveCfg = Release|Any CPU
		{40A91CEF-EFEA-4C9C-86F2-E3856BB82D04}.Mono|Mixed Platforms.Build.0 = Release|Any CPU
		{40A91CEF-EFEA-4C9C-86F2-E3856BB82D04}.Mono|x86.ActiveCfg = Release|Any CPU
		{40A91CEF-EFEA-4C9C-86F2-E3856BB82D04}.Release|Any CPU.ActiveCfg = Release|Any CPU
		{40A91CEF-EFEA-4C9C-86F2-E3856BB82D04}.Release|Any CPU.Build.0 = Release|Any CPU
		{40A91CEF-EFEA-4C9C-86F2-E3856BB82D04}.Release|ARM.ActiveCfg = Release|Any CPU
		{40A91CEF-EFEA-4C9C-86F2-E3856BB82D04}.Release|Mixed Platforms.ActiveCfg = Release|Any CPU
		{40A91CEF-EFEA-4C9C-86F2-E3856BB82D04}.Release|Mixed Platforms.Build.0 = Release|Any CPU
		{40A91CEF-EFEA-4C9C-86F2-E3856BB82D04}.Release|x86.ActiveCfg = Release|Any CPU
		{6957E510-E0DE-4B11-8F0F-9B09F40B69CF}.ClientProfiles|Any CPU.ActiveCfg = Release|Any CPU
		{6957E510-E0DE-4B11-8F0F-9B09F40B69CF}.ClientProfiles|Any CPU.Build.0 = Release|Any CPU
		{6957E510-E0DE-4B11-8F0F-9B09F40B69CF}.ClientProfiles|ARM.ActiveCfg = Release|Any CPU
		{6957E510-E0DE-4B11-8F0F-9B09F40B69CF}.ClientProfiles|Mixed Platforms.ActiveCfg = Release|Any CPU
		{6957E510-E0DE-4B11-8F0F-9B09F40B69CF}.ClientProfiles|Mixed Platforms.Build.0 = Release|Any CPU
		{6957E510-E0DE-4B11-8F0F-9B09F40B69CF}.ClientProfiles|x86.ActiveCfg = Release|Any CPU
		{6957E510-E0DE-4B11-8F0F-9B09F40B69CF}.Debug|Any CPU.ActiveCfg = Debug|Any CPU
		{6957E510-E0DE-4B11-8F0F-9B09F40B69CF}.Debug|Any CPU.Build.0 = Debug|Any CPU
		{6957E510-E0DE-4B11-8F0F-9B09F40B69CF}.Debug|ARM.ActiveCfg = Debug|Any CPU
		{6957E510-E0DE-4B11-8F0F-9B09F40B69CF}.Debug|Mixed Platforms.ActiveCfg = Debug|Any CPU
		{6957E510-E0DE-4B11-8F0F-9B09F40B69CF}.Debug|Mixed Platforms.Build.0 = Debug|Any CPU
		{6957E510-E0DE-4B11-8F0F-9B09F40B69CF}.Debug|x86.ActiveCfg = Debug|Any CPU
		{6957E510-E0DE-4B11-8F0F-9B09F40B69CF}.Mono|Any CPU.ActiveCfg = Release|Any CPU
		{6957E510-E0DE-4B11-8F0F-9B09F40B69CF}.Mono|Any CPU.Build.0 = Release|Any CPU
		{6957E510-E0DE-4B11-8F0F-9B09F40B69CF}.Mono|ARM.ActiveCfg = Release|Any CPU
		{6957E510-E0DE-4B11-8F0F-9B09F40B69CF}.Mono|Mixed Platforms.ActiveCfg = Release|Any CPU
		{6957E510-E0DE-4B11-8F0F-9B09F40B69CF}.Mono|Mixed Platforms.Build.0 = Release|Any CPU
		{6957E510-E0DE-4B11-8F0F-9B09F40B69CF}.Mono|x86.ActiveCfg = Release|Any CPU
		{6957E510-E0DE-4B11-8F0F-9B09F40B69CF}.Release|Any CPU.ActiveCfg = Release|Any CPU
		{6957E510-E0DE-4B11-8F0F-9B09F40B69CF}.Release|Any CPU.Build.0 = Release|Any CPU
		{6957E510-E0DE-4B11-8F0F-9B09F40B69CF}.Release|ARM.ActiveCfg = Release|Any CPU
		{6957E510-E0DE-4B11-8F0F-9B09F40B69CF}.Release|Mixed Platforms.ActiveCfg = Release|Any CPU
		{6957E510-E0DE-4B11-8F0F-9B09F40B69CF}.Release|Mixed Platforms.Build.0 = Release|Any CPU
		{6957E510-E0DE-4B11-8F0F-9B09F40B69CF}.Release|x86.ActiveCfg = Release|Any CPU
	EndGlobalSection
	GlobalSection(SolutionProperties) = preSolution
		HideSolutionNode = FALSE
	EndGlobalSection
	GlobalSection(NestedProjects) = preSolution
		{80647B8C-E162-4E34-A758-590280F11B97} = {0C6ACA0E-F33B-439A-BA09-DB9E2C2A772F}
		{73015806-7BE4-4BAB-AA07-ACC719EFE85A} = {0C6ACA0E-F33B-439A-BA09-DB9E2C2A772F}
		{46AFFE9E-B0DF-4DE9-A1A3-1773E08DCB51} = {0C6ACA0E-F33B-439A-BA09-DB9E2C2A772F}
		{5953279F-F478-4D5F-9906-03D56CE2DA2D} = {0C6ACA0E-F33B-439A-BA09-DB9E2C2A772F}
		{BF04A546-D681-4F5A-AC41-CFC67CAEC66E} = {0C6ACA0E-F33B-439A-BA09-DB9E2C2A772F}
		{3059FD1C-4B4B-4460-A0D4-53C84CCE6CAC} = {0C6ACA0E-F33B-439A-BA09-DB9E2C2A772F}
		{CD029D13-5037-43A6-8CD9-5F12B00A7DE0} = {0C6ACA0E-F33B-439A-BA09-DB9E2C2A772F}
		{487B7E3C-9689-47BC-8785-73CCD92A3749} = {0C6ACA0E-F33B-439A-BA09-DB9E2C2A772F}
		{C8371692-DA90-4437-BCB7-A5A2EF37B095} = {0C6ACA0E-F33B-439A-BA09-DB9E2C2A772F}
		{40A91CEF-EFEA-4C9C-86F2-E3856BB82D04} = {0C6ACA0E-F33B-439A-BA09-DB9E2C2A772F}
	EndGlobalSection
EndGlobal
