
Microsoft Visual Studio Solution File, Format Version 12.00
# Visual Studio 2012
Project("{FAE04EC0-301F-11D3-BF4B-00C04F79EFBC}") = "protobuf.Poco", "protobuf-poco\protobuf.Poco.csproj", "{28195025-14AC-4934-92CA-A91127FFD268}"
EndProject
Project("{FAE04EC0-301F-11D3-BF4B-00C04F79EFBC}") = "protobuf.Poco.Tests", "protobuf-poco.Tests\protobuf.Poco.Tests.csproj", "{13FBBEF5-A118-4094-B173-A39259C47CBE}"
EndProject
Global
	GlobalSection(SolutionConfigurationPlatforms) = preSolution
		Debug|Any CPU = Debug|Any CPU
		Release|Any CPU = Release|Any CPU
	EndGlobalSection
	GlobalSection(ProjectConfigurationPlatforms) = postSolution
		{28195025-14AC-4934-92CA-A91127FFD268}.Debug|Any CPU.ActiveCfg = Debug|Any CPU
		{28195025-14AC-4934-92CA-A91127FFD268}.Debug|Any CPU.Build.0 = Debug|Any CPU
		{28195025-14AC-4934-92CA-A91127FFD268}.Release|Any CPU.ActiveCfg = Release|Any CPU
		{28195025-14AC-4934-92CA-A91127FFD268}.Release|Any CPU.Build.0 = Release|Any CPU
		{13FBBEF5-A118-4094-B173-A39259C47CBE}.Debug|Any CPU.ActiveCfg = Debug|Any CPU
		{13FBBEF5-A118-4094-B173-A39259C47CBE}.Debug|Any CPU.Build.0 = Debug|Any CPU
		{13FBBEF5-A118-4094-B173-A39259C47CBE}.Release|Any CPU.ActiveCfg = Release|Any CPU
		{13FBBEF5-A118-4094-B173-A39259C47CBE}.Release|Any CPU.Build.0 = Release|Any CPU
	EndGlobalSection
	GlobalSection(SolutionProperties) = preSolution
		HideSolutionNode = FALSE
	EndGlobalSection
EndGlobal
