
Microsoft Visual Studio Solution File, Format Version 11.00
# Visual Studio 2010
Project("{FAE04EC0-301F-11D3-BF4B-00C04F79EFBC}") = "Hammock.MonoTouch", "Hammock.MonoTouch\Hammock.MonoTouch.csproj", "{1D0C7FFF-20BF-4EAD-98A9-EBCA7C35D96A}"
EndProject
Global
	GlobalSection(SolutionConfigurationPlatforms) = preSolution
		Debug|Any CPU = Debug|Any CPU
		Release|Any CPU = Release|Any CPU
		Debug|iPhoneSimulator = Debug|iPhoneSimulator
		Release|iPhoneSimulator = Release|iPhoneSimulator
		Debug|iPhone = Debug|iPhone
		Release|iPhone = Release|iPhone
	EndGlobalSection
	GlobalSection(ProjectConfigurationPlatforms) = postSolution
		{1D0C7FFF-20BF-4EAD-98A9-EBCA7C35D96A}.Debug|Any CPU.ActiveCfg = Debug|iPhoneSimulator
		{1D0C7FFF-20BF-4EAD-98A9-EBCA7C35D96A}.Debug|Any CPU.Build.0 = Debug|iPhoneSimulator
		{1D0C7FFF-20BF-4EAD-98A9-EBCA7C35D96A}.Debug|iPhone.ActiveCfg = Debug|iPhone
		{1D0C7FFF-20BF-4EAD-98A9-EBCA7C35D96A}.Debug|iPhone.Build.0 = Debug|iPhone
		{1D0C7FFF-20BF-4EAD-98A9-EBCA7C35D96A}.Debug|iPhoneSimulator.ActiveCfg = Debug|iPhoneSimulator
		{1D0C7FFF-20BF-4EAD-98A9-EBCA7C35D96A}.Debug|iPhoneSimulator.Build.0 = Debug|iPhoneSimulator
		{1D0C7FFF-20BF-4EAD-98A9-EBCA7C35D96A}.Release|Any CPU.ActiveCfg = Release|iPhoneSimulator
		{1D0C7FFF-20BF-4EAD-98A9-EBCA7C35D96A}.Release|Any CPU.Build.0 = Release|iPhoneSimulator
		{1D0C7FFF-20BF-4EAD-98A9-EBCA7C35D96A}.Release|iPhone.ActiveCfg = Release|iPhone
		{1D0C7FFF-20BF-4EAD-98A9-EBCA7C35D96A}.Release|iPhone.Build.0 = Release|iPhone
		{1D0C7FFF-20BF-4EAD-98A9-EBCA7C35D96A}.Release|iPhoneSimulator.ActiveCfg = Release|iPhoneSimulator
		{1D0C7FFF-20BF-4EAD-98A9-EBCA7C35D96A}.Release|iPhoneSimulator.Build.0 = Release|iPhoneSimulator
	EndGlobalSection
	GlobalSection(MonoDevelopProperties) = preSolution
		StartupItem = Hammock.MonoTouch\Hammock.MonoTouch.csproj
		Policies = $0
		$0.DotNetNamingPolicy = $1
		$1.DirectoryNamespaceAssociation = None
		$1.ResourceNamePolicy = FileFormatDefault
		$0.StandardHeader = $2
		$2.Text = 
		$2.inheritsSet = Apache2License
		$0.VersionControlPolicy = $3
		$3.inheritsSet = Mono
		$0.ChangeLogPolicy = $4
		$4.UpdateMode = None
		$4.MessageStyle = $5
		$5.LineAlign = 0
		$4.inheritsSet = Mono
		outputpath = ..\bin\mono
	EndGlobalSection
EndGlobal
