
Microsoft Visual Studio Solution File, Format Version 12.00
# Visual Studio 2012
Project("{2150E333-8FDC-42A3-9474-1A3956D46DE8}") = ".NET 3.5", ".NET 3.5", "{0F12EB19-73E5-4F38-BEF2-070C625508B7}"
EndProject
Project("{2150E333-8FDC-42A3-9474-1A3956D46DE8}") = ".NET 4.0", ".NET 4.0", "{3FB92FF7-A9F8-4F15-864B-69E7EBC3E16B}"
EndProject
Project("{2150E333-8FDC-42A3-9474-1A3956D46DE8}") = ".NET 2.0", ".NET 2.0", "{6052AEDE-F8B1-4E24-B791-DBB7FF9621D3}"
EndProject
Project("{2150E333-8FDC-42A3-9474-1A3956D46DE8}") = "Solution Items", "Solution Items", "{9AE58B14-D363-4A3E-B9E3-005FCBCEA7AC}"
	ProjectSection(SolutionItems) = preProject
		net35\BuildWindowsAndRunTests.proj = net35\BuildWindowsAndRunTests.proj
		..\clean.bat = ..\clean.bat
		..\hammock.nuspec = ..\hammock.nuspec
		..\LICENSE.md = ..\LICENSE.md
		..\pack-nuget.bat = ..\pack-nuget.bat
		..\push-nuget.bat = ..\push-nuget.bat
		..\README.md = ..\README.md
	EndProjectSection
EndProject
Project("{FAE04EC0-301F-11D3-BF4B-00C04F79EFBC}") = "Hammock", "net35\Hammock\Hammock.csproj", "{6679078A-C585-4CB6-96E9-908DBDAA2716}"
EndProject
Project("{FAE04EC0-301F-11D3-BF4B-00C04F79EFBC}") = "Hammock", "net40\Hammock\Hammock.csproj", "{CD569558-9092-466B-8670-EA1B151150E0}"
EndProject
Project("{FAE04EC0-301F-11D3-BF4B-00C04F79EFBC}") = "Hammock.ClientProfile", "net40\Hammock.ClientProfile\Hammock.ClientProfile.csproj", "{487B7E3C-9689-47BC-8785-73CCD92A3749}"
EndProject
Project("{FAE04EC0-301F-11D3-BF4B-00C04F79EFBC}") = "Hammock.ClientProfile", "net35\Hammock.ClientProfile\Hammock.ClientProfile.csproj", "{73015806-7BE4-4BAB-AA07-ACC719EFE85A}"
EndProject
Project("{FAE04EC0-301F-11D3-BF4B-00C04F79EFBC}") = "Hammock", "net20\Hammock\Hammock.csproj", "{80647B8C-E162-4E34-A758-590280F11B97}"
EndProject
Project("{FAE04EC0-301F-11D3-BF4B-00C04F79EFBC}") = "Hammock.Silverlight", "net40\Hammock.Silverlight\Hammock.Silverlight.csproj", "{46AFFE9E-B0DF-4DE9-A1A3-1773E08DCB51}"
EndProject
Project("{FAE04EC0-301F-11D3-BF4B-00C04F79EFBC}") = "Hammock.WindowsPhone", "net40\Hammock.WindowsPhone\Hammock.WindowsPhone.csproj", "{3059FD1C-4B4B-4460-A0D4-53C84CCE6CAC}"
EndProject
Project("{FAE04EC0-301F-11D3-BF4B-00C04F79EFBC}") = "Hammock.WindowsPhone.Mango", "net40\Hammock.WindowsPhone.Mango\Hammock.WindowsPhone.Mango.csproj", "{CD029D13-5037-43A6-8CD9-5F12B00A7DE0}"
EndProject
Project("{FAE04EC0-301F-11D3-BF4B-00C04F79EFBC}") = "ICSharpCode.SharpZipLib.Silverlight", "net40\ICSharpCode.SharpZipLib.Silverlight\ICSharpCode.SharpZipLib.Silverlight.csproj", "{5953279F-F478-4D5F-9906-03D56CE2DA2D}"
EndProject
Project("{FAE04EC0-301F-11D3-BF4B-00C04F79EFBC}") = "ICSharpCode.SharpZipLib.WindowsPhone", "net40\ICSharpCode.SharpZipLib.WindowsPhone\ICSharpCode.SharpZipLib.WindowsPhone.csproj", "{BF04A546-D681-4F5A-AC41-CFC67CAEC66E}"
EndProject
Global
	GlobalSection(SolutionConfigurationPlatforms) = preSolution
		ClientProfiles|Any CPU = ClientProfiles|Any CPU
		ClientProfiles|Mixed Platforms = ClientProfiles|Mixed Platforms
		ClientProfiles|x86 = ClientProfiles|x86
		Debug|Any CPU = Debug|Any CPU
		Debug|Mixed Platforms = Debug|Mixed Platforms
		Debug|x86 = Debug|x86
		Mono|Any CPU = Mono|Any CPU
		Mono|Mixed Platforms = Mono|Mixed Platforms
		Mono|x86 = Mono|x86
		Release|Any CPU = Release|Any CPU
		Release|Mixed Platforms = Release|Mixed Platforms
		Release|x86 = Release|x86
	EndGlobalSection
	GlobalSection(ProjectConfigurationPlatforms) = postSolution
		{6679078A-C585-4CB6-96E9-908DBDAA2716}.ClientProfiles|Any CPU.ActiveCfg = Mono|Any CPU
		{6679078A-C585-4CB6-96E9-908DBDAA2716}.ClientProfiles|Any CPU.Build.0 = Mono|Any CPU
		{6679078A-C585-4CB6-96E9-908DBDAA2716}.ClientProfiles|Mixed Platforms.ActiveCfg = Mono|Any CPU
		{6679078A-C585-4CB6-96E9-908DBDAA2716}.ClientProfiles|Mixed Platforms.Build.0 = Mono|Any CPU
		{6679078A-C585-4CB6-96E9-908DBDAA2716}.ClientProfiles|x86.ActiveCfg = Mono|Any CPU
		{6679078A-C585-4CB6-96E9-908DBDAA2716}.Debug|Any CPU.ActiveCfg = Debug|Any CPU
		{6679078A-C585-4CB6-96E9-908DBDAA2716}.Debug|Any CPU.Build.0 = Debug|Any CPU
		{6679078A-C585-4CB6-96E9-908DBDAA2716}.Debug|Mixed Platforms.ActiveCfg = Debug|Any CPU
		{6679078A-C585-4CB6-96E9-908DBDAA2716}.Debug|Mixed Platforms.Build.0 = Debug|Any CPU
		{6679078A-C585-4CB6-96E9-908DBDAA2716}.Debug|x86.ActiveCfg = Debug|Any CPU
		{6679078A-C585-4CB6-96E9-908DBDAA2716}.Mono|Any CPU.ActiveCfg = Mono|Any CPU
		{6679078A-C585-4CB6-96E9-908DBDAA2716}.Mono|Any CPU.Build.0 = Mono|Any CPU
		{6679078A-C585-4CB6-96E9-908DBDAA2716}.Mono|Mixed Platforms.ActiveCfg = Mono|Any CPU
		{6679078A-C585-4CB6-96E9-908DBDAA2716}.Mono|Mixed Platforms.Build.0 = Mono|Any CPU
		{6679078A-C585-4CB6-96E9-908DBDAA2716}.Mono|x86.ActiveCfg = Mono|Any CPU
		{6679078A-C585-4CB6-96E9-908DBDAA2716}.Release|Any CPU.ActiveCfg = Release|Any CPU
		{6679078A-C585-4CB6-96E9-908DBDAA2716}.Release|Any CPU.Build.0 = Release|Any CPU
		{6679078A-C585-4CB6-96E9-908DBDAA2716}.Release|Mixed Platforms.ActiveCfg = Release|Any CPU
		{6679078A-C585-4CB6-96E9-908DBDAA2716}.Release|Mixed Platforms.Build.0 = Release|Any CPU
		{6679078A-C585-4CB6-96E9-908DBDAA2716}.Release|x86.ActiveCfg = Release|Any CPU
		{CD569558-9092-466B-8670-EA1B151150E0}.ClientProfiles|Any CPU.ActiveCfg = ClientProfiles|Any CPU
		{CD569558-9092-466B-8670-EA1B151150E0}.ClientProfiles|Any CPU.Build.0 = ClientProfiles|Any CPU
		{CD569558-9092-466B-8670-EA1B151150E0}.ClientProfiles|Mixed Platforms.ActiveCfg = ClientProfiles|Any CPU
		{CD569558-9092-466B-8670-EA1B151150E0}.ClientProfiles|Mixed Platforms.Build.0 = ClientProfiles|Any CPU
		{CD569558-9092-466B-8670-EA1B151150E0}.ClientProfiles|x86.ActiveCfg = ClientProfiles|Any CPU
		{CD569558-9092-466B-8670-EA1B151150E0}.Debug|Any CPU.ActiveCfg = Debug|Any CPU
		{CD569558-9092-466B-8670-EA1B151150E0}.Debug|Any CPU.Build.0 = Debug|Any CPU
		{CD569558-9092-466B-8670-EA1B151150E0}.Debug|Mixed Platforms.ActiveCfg = Debug|Any CPU
		{CD569558-9092-466B-8670-EA1B151150E0}.Debug|Mixed Platforms.Build.0 = Debug|Any CPU
		{CD569558-9092-466B-8670-EA1B151150E0}.Debug|x86.ActiveCfg = Debug|Any CPU
		{CD569558-9092-466B-8670-EA1B151150E0}.Mono|Any CPU.ActiveCfg = ClientProfiles|Any CPU
		{CD569558-9092-466B-8670-EA1B151150E0}.Mono|Any CPU.Build.0 = ClientProfiles|Any CPU
		{CD569558-9092-466B-8670-EA1B151150E0}.Mono|Mixed Platforms.ActiveCfg = ClientProfiles|Any CPU
		{CD569558-9092-466B-8670-EA1B151150E0}.Mono|Mixed Platforms.Build.0 = ClientProfiles|Any CPU
		{CD569558-9092-466B-8670-EA1B151150E0}.Mono|x86.ActiveCfg = ClientProfiles|Any CPU
		{CD569558-9092-466B-8670-EA1B151150E0}.Release|Any CPU.ActiveCfg = Release|Any CPU
		{CD569558-9092-466B-8670-EA1B151150E0}.Release|Any CPU.Build.0 = Release|Any CPU
		{CD569558-9092-466B-8670-EA1B151150E0}.Release|Mixed Platforms.ActiveCfg = Release|Any CPU
		{CD569558-9092-466B-8670-EA1B151150E0}.Release|Mixed Platforms.Build.0 = Release|Any CPU
		{CD569558-9092-466B-8670-EA1B151150E0}.Release|x86.ActiveCfg = Release|Any CPU
		{487B7E3C-9689-47BC-8785-73CCD92A3749}.ClientProfiles|Any CPU.ActiveCfg = Release|Any CPU
		{487B7E3C-9689-47BC-8785-73CCD92A3749}.ClientProfiles|Any CPU.Build.0 = Release|Any CPU
		{487B7E3C-9689-47BC-8785-73CCD92A3749}.ClientProfiles|Mixed Platforms.ActiveCfg = Release|Any CPU
		{487B7E3C-9689-47BC-8785-73CCD92A3749}.ClientProfiles|Mixed Platforms.Build.0 = Release|Any CPU
		{487B7E3C-9689-47BC-8785-73CCD92A3749}.ClientProfiles|x86.ActiveCfg = Release|Any CPU
		{487B7E3C-9689-47BC-8785-73CCD92A3749}.Debug|Any CPU.ActiveCfg = Debug|Any CPU
		{487B7E3C-9689-47BC-8785-73CCD92A3749}.Debug|Any CPU.Build.0 = Debug|Any CPU
		{487B7E3C-9689-47BC-8785-73CCD92A3749}.Debug|Mixed Platforms.ActiveCfg = Debug|Any CPU
		{487B7E3C-9689-47BC-8785-73CCD92A3749}.Debug|Mixed Platforms.Build.0 = Debug|Any CPU
		{487B7E3C-9689-47BC-8785-73CCD92A3749}.Debug|x86.ActiveCfg = Debug|Any CPU
		{487B7E3C-9689-47BC-8785-73CCD92A3749}.Mono|Any CPU.ActiveCfg = Release|Any CPU
		{487B7E3C-9689-47BC-8785-73CCD92A3749}.Mono|Any CPU.Build.0 = Release|Any CPU
		{487B7E3C-9689-47BC-8785-73CCD92A3749}.Mono|Mixed Platforms.ActiveCfg = Release|Any CPU
		{487B7E3C-9689-47BC-8785-73CCD92A3749}.Mono|Mixed Platforms.Build.0 = Release|Any CPU
		{487B7E3C-9689-47BC-8785-73CCD92A3749}.Mono|x86.ActiveCfg = Release|Any CPU
		{487B7E3C-9689-47BC-8785-73CCD92A3749}.Release|Any CPU.ActiveCfg = Release|Any CPU
		{487B7E3C-9689-47BC-8785-73CCD92A3749}.Release|Any CPU.Build.0 = Release|Any CPU
		{487B7E3C-9689-47BC-8785-73CCD92A3749}.Release|Mixed Platforms.ActiveCfg = Release|Any CPU
		{487B7E3C-9689-47BC-8785-73CCD92A3749}.Release|Mixed Platforms.Build.0 = Release|Any CPU
		{487B7E3C-9689-47BC-8785-73CCD92A3749}.Release|x86.ActiveCfg = Release|Any CPU
		{73015806-7BE4-4BAB-AA07-ACC719EFE85A}.ClientProfiles|Any CPU.ActiveCfg = Release|Any CPU
		{73015806-7BE4-4BAB-AA07-ACC719EFE85A}.ClientProfiles|Any CPU.Build.0 = Release|Any CPU
		{73015806-7BE4-4BAB-AA07-ACC719EFE85A}.ClientProfiles|Mixed Platforms.ActiveCfg = Release|Any CPU
		{73015806-7BE4-4BAB-AA07-ACC719EFE85A}.ClientProfiles|Mixed Platforms.Build.0 = Release|Any CPU
		{73015806-7BE4-4BAB-AA07-ACC719EFE85A}.ClientProfiles|x86.ActiveCfg = Release|Any CPU
		{73015806-7BE4-4BAB-AA07-ACC719EFE85A}.Debug|Any CPU.ActiveCfg = Debug|Any CPU
		{73015806-7BE4-4BAB-AA07-ACC719EFE85A}.Debug|Any CPU.Build.0 = Debug|Any CPU
		{73015806-7BE4-4BAB-AA07-ACC719EFE85A}.Debug|Mixed Platforms.ActiveCfg = Debug|Any CPU
		{73015806-7BE4-4BAB-AA07-ACC719EFE85A}.Debug|Mixed Platforms.Build.0 = Debug|Any CPU
		{73015806-7BE4-4BAB-AA07-ACC719EFE85A}.Debug|x86.ActiveCfg = Debug|Any CPU
		{73015806-7BE4-4BAB-AA07-ACC719EFE85A}.Mono|Any CPU.ActiveCfg = Release|Any CPU
		{73015806-7BE4-4BAB-AA07-ACC719EFE85A}.Mono|Any CPU.Build.0 = Release|Any CPU
		{73015806-7BE4-4BAB-AA07-ACC719EFE85A}.Mono|Mixed Platforms.ActiveCfg = Release|Any CPU
		{73015806-7BE4-4BAB-AA07-ACC719EFE85A}.Mono|Mixed Platforms.Build.0 = Release|Any CPU
		{73015806-7BE4-4BAB-AA07-ACC719EFE85A}.Mono|x86.ActiveCfg = Release|Any CPU
		{73015806-7BE4-4BAB-AA07-ACC719EFE85A}.Release|Any CPU.ActiveCfg = Release|Any CPU
		{73015806-7BE4-4BAB-AA07-ACC719EFE85A}.Release|Any CPU.Build.0 = Release|Any CPU
		{73015806-7BE4-4BAB-AA07-ACC719EFE85A}.Release|Mixed Platforms.ActiveCfg = Release|Any CPU
		{73015806-7BE4-4BAB-AA07-ACC719EFE85A}.Release|Mixed Platforms.Build.0 = Release|Any CPU
		{73015806-7BE4-4BAB-AA07-ACC719EFE85A}.Release|x86.ActiveCfg = Release|Any CPU
		{80647B8C-E162-4E34-A758-590280F11B97}.ClientProfiles|Any CPU.ActiveCfg = Release|Any CPU
		{80647B8C-E162-4E34-A758-590280F11B97}.ClientProfiles|Any CPU.Build.0 = Release|Any CPU
		{80647B8C-E162-4E34-A758-590280F11B97}.ClientProfiles|Mixed Platforms.ActiveCfg = Release|Any CPU
		{80647B8C-E162-4E34-A758-590280F11B97}.ClientProfiles|Mixed Platforms.Build.0 = Release|Any CPU
		{80647B8C-E162-4E34-A758-590280F11B97}.ClientProfiles|x86.ActiveCfg = Release|Any CPU
		{80647B8C-E162-4E34-A758-590280F11B97}.Debug|Any CPU.ActiveCfg = Debug|Any CPU
		{80647B8C-E162-4E34-A758-590280F11B97}.Debug|Any CPU.Build.0 = Debug|Any CPU
		{80647B8C-E162-4E34-A758-590280F11B97}.Debug|Mixed Platforms.ActiveCfg = Debug|Any CPU
		{80647B8C-E162-4E34-A758-590280F11B97}.Debug|Mixed Platforms.Build.0 = Debug|Any CPU
		{80647B8C-E162-4E34-A758-590280F11B97}.Debug|x86.ActiveCfg = Debug|Any CPU
		{80647B8C-E162-4E34-A758-590280F11B97}.Mono|Any CPU.ActiveCfg = Release|Any CPU
		{80647B8C-E162-4E34-A758-590280F11B97}.Mono|Any CPU.Build.0 = Release|Any CPU
		{80647B8C-E162-4E34-A758-590280F11B97}.Mono|Mixed Platforms.ActiveCfg = Release|Any CPU
		{80647B8C-E162-4E34-A758-590280F11B97}.Mono|Mixed Platforms.Build.0 = Release|Any CPU
		{80647B8C-E162-4E34-A758-590280F11B97}.Mono|x86.ActiveCfg = Release|Any CPU
		{80647B8C-E162-4E34-A758-590280F11B97}.Release|Any CPU.ActiveCfg = Release|Any CPU
		{80647B8C-E162-4E34-A758-590280F11B97}.Release|Any CPU.Build.0 = Release|Any CPU
		{80647B8C-E162-4E34-A758-590280F11B97}.Release|Mixed Platforms.ActiveCfg = Release|Any CPU
		{80647B8C-E162-4E34-A758-590280F11B97}.Release|Mixed Platforms.Build.0 = Release|Any CPU
		{80647B8C-E162-4E34-A758-590280F11B97}.Release|x86.ActiveCfg = Release|Any CPU
		{46AFFE9E-B0DF-4DE9-A1A3-1773E08DCB51}.ClientProfiles|Any CPU.ActiveCfg = ClientProfiles|Any CPU
		{46AFFE9E-B0DF-4DE9-A1A3-1773E08DCB51}.ClientProfiles|Any CPU.Build.0 = ClientProfiles|Any CPU
		{46AFFE9E-B0DF-4DE9-A1A3-1773E08DCB51}.ClientProfiles|Mixed Platforms.ActiveCfg = ClientProfiles|Any CPU
		{46AFFE9E-B0DF-4DE9-A1A3-1773E08DCB51}.ClientProfiles|Mixed Platforms.Build.0 = ClientProfiles|Any CPU
		{46AFFE9E-B0DF-4DE9-A1A3-1773E08DCB51}.ClientProfiles|x86.ActiveCfg = ClientProfiles|Any CPU
		{46AFFE9E-B0DF-4DE9-A1A3-1773E08DCB51}.Debug|Any CPU.ActiveCfg = Debug|Any CPU
		{46AFFE9E-B0DF-4DE9-A1A3-1773E08DCB51}.Debug|Any CPU.Build.0 = Debug|Any CPU
		{46AFFE9E-B0DF-4DE9-A1A3-1773E08DCB51}.Debug|Mixed Platforms.ActiveCfg = Debug|Any CPU
		{46AFFE9E-B0DF-4DE9-A1A3-1773E08DCB51}.Debug|Mixed Platforms.Build.0 = Debug|Any CPU
		{46AFFE9E-B0DF-4DE9-A1A3-1773E08DCB51}.Debug|x86.ActiveCfg = Debug|Any CPU
		{46AFFE9E-B0DF-4DE9-A1A3-1773E08DCB51}.Mono|Any CPU.ActiveCfg = ClientProfiles|Any CPU
		{46AFFE9E-B0DF-4DE9-A1A3-1773E08DCB51}.Mono|Any CPU.Build.0 = ClientProfiles|Any CPU
		{46AFFE9E-B0DF-4DE9-A1A3-1773E08DCB51}.Mono|Mixed Platforms.ActiveCfg = ClientProfiles|Any CPU
		{46AFFE9E-B0DF-4DE9-A1A3-1773E08DCB51}.Mono|Mixed Platforms.Build.0 = ClientProfiles|Any CPU
		{46AFFE9E-B0DF-4DE9-A1A3-1773E08DCB51}.Mono|x86.ActiveCfg = ClientProfiles|Any CPU
		{46AFFE9E-B0DF-4DE9-A1A3-1773E08DCB51}.Release|Any CPU.ActiveCfg = Release|Any CPU
		{46AFFE9E-B0DF-4DE9-A1A3-1773E08DCB51}.Release|Any CPU.Build.0 = Release|Any CPU
		{46AFFE9E-B0DF-4DE9-A1A3-1773E08DCB51}.Release|Mixed Platforms.ActiveCfg = Release|Any CPU
		{46AFFE9E-B0DF-4DE9-A1A3-1773E08DCB51}.Release|Mixed Platforms.Build.0 = Release|Any CPU
		{46AFFE9E-B0DF-4DE9-A1A3-1773E08DCB51}.Release|x86.ActiveCfg = Release|Any CPU
		{3059FD1C-4B4B-4460-A0D4-53C84CCE6CAC}.ClientProfiles|Any CPU.ActiveCfg = ClientProfiles|Any CPU
		{3059FD1C-4B4B-4460-A0D4-53C84CCE6CAC}.ClientProfiles|Any CPU.Build.0 = ClientProfiles|Any CPU
		{3059FD1C-4B4B-4460-A0D4-53C84CCE6CAC}.ClientProfiles|Mixed Platforms.ActiveCfg = ClientProfiles|Any CPU
		{3059FD1C-4B4B-4460-A0D4-53C84CCE6CAC}.ClientProfiles|Mixed Platforms.Build.0 = ClientProfiles|Any CPU
		{3059FD1C-4B4B-4460-A0D4-53C84CCE6CAC}.ClientProfiles|x86.ActiveCfg = ClientProfiles|Any CPU
		{3059FD1C-4B4B-4460-A0D4-53C84CCE6CAC}.Debug|Any CPU.ActiveCfg = Debug|Any CPU
		{3059FD1C-4B4B-4460-A0D4-53C84CCE6CAC}.Debug|Any CPU.Build.0 = Debug|Any CPU
		{3059FD1C-4B4B-4460-A0D4-53C84CCE6CAC}.Debug|Mixed Platforms.ActiveCfg = Debug|Any CPU
		{3059FD1C-4B4B-4460-A0D4-53C84CCE6CAC}.Debug|Mixed Platforms.Build.0 = Debug|Any CPU
		{3059FD1C-4B4B-4460-A0D4-53C84CCE6CAC}.Debug|x86.ActiveCfg = Debug|Any CPU
		{3059FD1C-4B4B-4460-A0D4-53C84CCE6CAC}.Mono|Any CPU.ActiveCfg = ClientProfiles|Any CPU
		{3059FD1C-4B4B-4460-A0D4-53C84CCE6CAC}.Mono|Any CPU.Build.0 = ClientProfiles|Any CPU
		{3059FD1C-4B4B-4460-A0D4-53C84CCE6CAC}.Mono|Mixed Platforms.ActiveCfg = ClientProfiles|Any CPU
		{3059FD1C-4B4B-4460-A0D4-53C84CCE6CAC}.Mono|Mixed Platforms.Build.0 = ClientProfiles|Any CPU
		{3059FD1C-4B4B-4460-A0D4-53C84CCE6CAC}.Mono|x86.ActiveCfg = ClientProfiles|Any CPU
		{3059FD1C-4B4B-4460-A0D4-53C84CCE6CAC}.Release|Any CPU.ActiveCfg = Release|Any CPU
		{3059FD1C-4B4B-4460-A0D4-53C84CCE6CAC}.Release|Any CPU.Build.0 = Release|Any CPU
		{3059FD1C-4B4B-4460-A0D4-53C84CCE6CAC}.Release|Mixed Platforms.ActiveCfg = Release|Any CPU
		{3059FD1C-4B4B-4460-A0D4-53C84CCE6CAC}.Release|Mixed Platforms.Build.0 = Release|Any CPU
		{3059FD1C-4B4B-4460-A0D4-53C84CCE6CAC}.Release|x86.ActiveCfg = Release|Any CPU
		{CD029D13-5037-43A6-8CD9-5F12B00A7DE0}.ClientProfiles|Any CPU.ActiveCfg = Release|Any CPU
		{CD029D13-5037-43A6-8CD9-5F12B00A7DE0}.ClientProfiles|Any CPU.Build.0 = Release|Any CPU
		{CD029D13-5037-43A6-8CD9-5F12B00A7DE0}.ClientProfiles|Mixed Platforms.ActiveCfg = Release|Any CPU
		{CD029D13-5037-43A6-8CD9-5F12B00A7DE0}.ClientProfiles|Mixed Platforms.Build.0 = Release|Any CPU
		{CD029D13-5037-43A6-8CD9-5F12B00A7DE0}.ClientProfiles|x86.ActiveCfg = Release|Any CPU
		{CD029D13-5037-43A6-8CD9-5F12B00A7DE0}.Debug|Any CPU.ActiveCfg = Debug|Any CPU
		{CD029D13-5037-43A6-8CD9-5F12B00A7DE0}.Debug|Any CPU.Build.0 = Debug|Any CPU
		{CD029D13-5037-43A6-8CD9-5F12B00A7DE0}.Debug|Mixed Platforms.ActiveCfg = Debug|Any CPU
		{CD029D13-5037-43A6-8CD9-5F12B00A7DE0}.Debug|Mixed Platforms.Build.0 = Debug|Any CPU
		{CD029D13-5037-43A6-8CD9-5F12B00A7DE0}.Debug|x86.ActiveCfg = Debug|Any CPU
		{CD029D13-5037-43A6-8CD9-5F12B00A7DE0}.Mono|Any CPU.ActiveCfg = Release|Any CPU
		{CD029D13-5037-43A6-8CD9-5F12B00A7DE0}.Mono|Any CPU.Build.0 = Release|Any CPU
		{CD029D13-5037-43A6-8CD9-5F12B00A7DE0}.Mono|Mixed Platforms.ActiveCfg = Release|Any CPU
		{CD029D13-5037-43A6-8CD9-5F12B00A7DE0}.Mono|Mixed Platforms.Build.0 = Release|Any CPU
		{CD029D13-5037-43A6-8CD9-5F12B00A7DE0}.Mono|x86.ActiveCfg = Release|Any CPU
		{CD029D13-5037-43A6-8CD9-5F12B00A7DE0}.Release|Any CPU.ActiveCfg = Release|Any CPU
		{CD029D13-5037-43A6-8CD9-5F12B00A7DE0}.Release|Any CPU.Build.0 = Release|Any CPU
		{CD029D13-5037-43A6-8CD9-5F12B00A7DE0}.Release|Mixed Platforms.ActiveCfg = Release|Any CPU
		{CD029D13-5037-43A6-8CD9-5F12B00A7DE0}.Release|Mixed Platforms.Build.0 = Release|Any CPU
		{CD029D13-5037-43A6-8CD9-5F12B00A7DE0}.Release|x86.ActiveCfg = Release|Any CPU
		{5953279F-F478-4D5F-9906-03D56CE2DA2D}.ClientProfiles|Any CPU.ActiveCfg = Release|Any CPU
		{5953279F-F478-4D5F-9906-03D56CE2DA2D}.ClientProfiles|Any CPU.Build.0 = Release|Any CPU
		{5953279F-F478-4D5F-9906-03D56CE2DA2D}.ClientProfiles|Mixed Platforms.ActiveCfg = Release|Any CPU
		{5953279F-F478-4D5F-9906-03D56CE2DA2D}.ClientProfiles|Mixed Platforms.Build.0 = Release|Any CPU
		{5953279F-F478-4D5F-9906-03D56CE2DA2D}.ClientProfiles|x86.ActiveCfg = Release|Any CPU
		{5953279F-F478-4D5F-9906-03D56CE2DA2D}.Debug|Any CPU.ActiveCfg = Debug|Any CPU
		{5953279F-F478-4D5F-9906-03D56CE2DA2D}.Debug|Any CPU.Build.0 = Debug|Any CPU
		{5953279F-F478-4D5F-9906-03D56CE2DA2D}.Debug|Mixed Platforms.ActiveCfg = Debug|Any CPU
		{5953279F-F478-4D5F-9906-03D56CE2DA2D}.Debug|Mixed Platforms.Build.0 = Debug|Any CPU
		{5953279F-F478-4D5F-9906-03D56CE2DA2D}.Debug|x86.ActiveCfg = Debug|Any CPU
		{5953279F-F478-4D5F-9906-03D56CE2DA2D}.Mono|Any CPU.ActiveCfg = Release|Any CPU
		{5953279F-F478-4D5F-9906-03D56CE2DA2D}.Mono|Any CPU.Build.0 = Release|Any CPU
		{5953279F-F478-4D5F-9906-03D56CE2DA2D}.Mono|Mixed Platforms.ActiveCfg = Release|Any CPU
		{5953279F-F478-4D5F-9906-03D56CE2DA2D}.Mono|Mixed Platforms.Build.0 = Release|Any CPU
		{5953279F-F478-4D5F-9906-03D56CE2DA2D}.Mono|x86.ActiveCfg = Release|Any CPU
		{5953279F-F478-4D5F-9906-03D56CE2DA2D}.Release|Any CPU.ActiveCfg = Release|Any CPU
		{5953279F-F478-4D5F-9906-03D56CE2DA2D}.Release|Any CPU.Build.0 = Release|Any CPU
		{5953279F-F478-4D5F-9906-03D56CE2DA2D}.Release|Mixed Platforms.ActiveCfg = Release|Any CPU
		{5953279F-F478-4D5F-9906-03D56CE2DA2D}.Release|Mixed Platforms.Build.0 = Release|Any CPU
		{5953279F-F478-4D5F-9906-03D56CE2DA2D}.Release|x86.ActiveCfg = Release|Any CPU
		{BF04A546-D681-4F5A-AC41-CFC67CAEC66E}.ClientProfiles|Any CPU.ActiveCfg = Release|Any CPU
		{BF04A546-D681-4F5A-AC41-CFC67CAEC66E}.ClientProfiles|Any CPU.Build.0 = Release|Any CPU
		{BF04A546-D681-4F5A-AC41-CFC67CAEC66E}.ClientProfiles|Mixed Platforms.ActiveCfg = Release|Any CPU
		{BF04A546-D681-4F5A-AC41-CFC67CAEC66E}.ClientProfiles|Mixed Platforms.Build.0 = Release|Any CPU
		{BF04A546-D681-4F5A-AC41-CFC67CAEC66E}.ClientProfiles|x86.ActiveCfg = Release|Any CPU
		{BF04A546-D681-4F5A-AC41-CFC67CAEC66E}.Debug|Any CPU.ActiveCfg = Debug|Any CPU
		{BF04A546-D681-4F5A-AC41-CFC67CAEC66E}.Debug|Any CPU.Build.0 = Debug|Any CPU
		{BF04A546-D681-4F5A-AC41-CFC67CAEC66E}.Debug|Mixed Platforms.ActiveCfg = Debug|Any CPU
		{BF04A546-D681-4F5A-AC41-CFC67CAEC66E}.Debug|Mixed Platforms.Build.0 = Debug|Any CPU
		{BF04A546-D681-4F5A-AC41-CFC67CAEC66E}.Debug|x86.ActiveCfg = Debug|Any CPU
		{BF04A546-D681-4F5A-AC41-CFC67CAEC66E}.Mono|Any CPU.ActiveCfg = Release|Any CPU
		{BF04A546-D681-4F5A-AC41-CFC67CAEC66E}.Mono|Any CPU.Build.0 = Release|Any CPU
		{BF04A546-D681-4F5A-AC41-CFC67CAEC66E}.Mono|Mixed Platforms.ActiveCfg = Release|Any CPU
		{BF04A546-D681-4F5A-AC41-CFC67CAEC66E}.Mono|Mixed Platforms.Build.0 = Release|Any CPU
		{BF04A546-D681-4F5A-AC41-CFC67CAEC66E}.Mono|x86.ActiveCfg = Release|Any CPU
		{BF04A546-D681-4F5A-AC41-CFC67CAEC66E}.Release|Any CPU.ActiveCfg = Release|Any CPU
		{BF04A546-D681-4F5A-AC41-CFC67CAEC66E}.Release|Any CPU.Build.0 = Release|Any CPU
		{BF04A546-D681-4F5A-AC41-CFC67CAEC66E}.Release|Mixed Platforms.ActiveCfg = Release|Any CPU
		{BF04A546-D681-4F5A-AC41-CFC67CAEC66E}.Release|Mixed Platforms.Build.0 = Release|Any CPU
		{BF04A546-D681-4F5A-AC41-CFC67CAEC66E}.Release|x86.ActiveCfg = Release|Any CPU
	EndGlobalSection
	GlobalSection(SolutionProperties) = preSolution
		HideSolutionNode = FALSE
	EndGlobalSection
	GlobalSection(NestedProjects) = preSolution
		{6679078A-C585-4CB6-96E9-908DBDAA2716} = {0F12EB19-73E5-4F38-BEF2-070C625508B7}
		{73015806-7BE4-4BAB-AA07-ACC719EFE85A} = {0F12EB19-73E5-4F38-BEF2-070C625508B7}
		{CD569558-9092-466B-8670-EA1B151150E0} = {3FB92FF7-A9F8-4F15-864B-69E7EBC3E16B}
		{487B7E3C-9689-47BC-8785-73CCD92A3749} = {3FB92FF7-A9F8-4F15-864B-69E7EBC3E16B}
		{46AFFE9E-B0DF-4DE9-A1A3-1773E08DCB51} = {3FB92FF7-A9F8-4F15-864B-69E7EBC3E16B}
		{3059FD1C-4B4B-4460-A0D4-53C84CCE6CAC} = {3FB92FF7-A9F8-4F15-864B-69E7EBC3E16B}
		{CD029D13-5037-43A6-8CD9-5F12B00A7DE0} = {3FB92FF7-A9F8-4F15-864B-69E7EBC3E16B}
		{5953279F-F478-4D5F-9906-03D56CE2DA2D} = {3FB92FF7-A9F8-4F15-864B-69E7EBC3E16B}
		{BF04A546-D681-4F5A-AC41-CFC67CAEC66E} = {3FB92FF7-A9F8-4F15-864B-69E7EBC3E16B}
		{80647B8C-E162-4E34-A758-590280F11B97} = {6052AEDE-F8B1-4E24-B791-DBB7FF9621D3}
	EndGlobalSection
EndGlobal
