
Microsoft Visual Studio Solution File, Format Version 12.00
# Visual Studio 2012
Project("{2150E333-8FDC-42A3-9474-1A3956D46DE8}") = "Solution Items", "Solution Items", "{63F9E160-519B-45E1-A0BD-0E20BD9DACE8}"
	ProjectSection(SolutionItems) = preProject
		..\LICENSE.md = ..\LICENSE.md
		..\pack-nuget.bat = ..\pack-nuget.bat
		..\push-nuget.bat = ..\push-nuget.bat
		..\README.md = ..\README.md
		..\tophat.nuspec = ..\tophat.nuspec
	EndProjectSection
EndProject
Project("{FAE04EC0-301F-11D3-BF4B-00C04F79EFBC}") = "tophat", "tophat\tophat.csproj", "{39C6C491-2ED9-47AA-81A3-9A4F9CB4D316}"
EndProject
Project("{FAE04EC0-301F-11D3-BF4B-00C04F79EFBC}") = "tophat.Tests", "tophat.Tests\tophat.Tests.csproj", "{DE7D5F4C-E1BB-471B-B7B8-709C8584673C}"
EndProject
Global
	GlobalSection(SolutionConfigurationPlatforms) = preSolution
		Debug|Any CPU = Debug|Any CPU
		Release|Any CPU = Release|Any CPU
	EndGlobalSection
	GlobalSection(ProjectConfigurationPlatforms) = postSolution
		{39C6C491-2ED9-47AA-81A3-9A4F9CB4D316}.Debug|Any CPU.ActiveCfg = Debug|Any CPU
		{39C6C491-2ED9-47AA-81A3-9A4F9CB4D316}.Debug|Any CPU.Build.0 = Debug|Any CPU
		{39C6C491-2ED9-47AA-81A3-9A4F9CB4D316}.Release|Any CPU.ActiveCfg = Release|Any CPU
		{39C6C491-2ED9-47AA-81A3-9A4F9CB4D316}.Release|Any CPU.Build.0 = Release|Any CPU
		{DE7D5F4C-E1BB-471B-B7B8-709C8584673C}.Debug|Any CPU.ActiveCfg = Debug|Any CPU
		{DE7D5F4C-E1BB-471B-B7B8-709C8584673C}.Debug|Any CPU.Build.0 = Debug|Any CPU
		{DE7D5F4C-E1BB-471B-B7B8-709C8584673C}.Release|Any CPU.ActiveCfg = Release|Any CPU
		{DE7D5F4C-E1BB-471B-B7B8-709C8584673C}.Release|Any CPU.Build.0 = Release|Any CPU
	EndGlobalSection
	GlobalSection(SolutionProperties) = preSolution
		HideSolutionNode = FALSE
	EndGlobalSection
EndGlobal
