
Microsoft Visual Studio Solution File, Format Version 11.00
# Visual Studio 2010
Project("{FAE04EC0-301F-11D3-BF4B-00C04F79EFBC}") = "Hammock.WindowsPhone", "net40\Hammock.WindowsPhone\Hammock.WindowsPhone.csproj", "{3059FD1C-4B4B-4460-A0D4-53C84CCE6CAC}"
EndProject
Project("{FAE04EC0-301F-11D3-BF4B-00C04F79EFBC}") = "ICSharpCode.SharpZipLib.WindowsPhone", "net40\ICSharpCode.SharpZipLib.WindowsPhone\ICSharpCode.SharpZipLib.WindowsPhone.csproj", "{BF04A546-D681-4F5A-AC41-CFC67CAEC66E}"
EndProject
Global
	GlobalSection(SolutionConfigurationPlatforms) = preSolution
		Debug|Any CPU = Debug|Any CPU
		Release|Any CPU = Release|Any CPU
	EndGlobalSection
	GlobalSection(ProjectConfigurationPlatforms) = postSolution
		{3059FD1C-4B4B-4460-A0D4-53C84CCE6CAC}.Debug|Any CPU.ActiveCfg = Debug|Any CPU
		{3059FD1C-4B4B-4460-A0D4-53C84CCE6CAC}.Debug|Any CPU.Build.0 = Debug|Any CPU
		{3059FD1C-4B4B-4460-A0D4-53C84CCE6CAC}.Release|Any CPU.ActiveCfg = Release|Any CPU
		{3059FD1C-4B4B-4460-A0D4-53C84CCE6CAC}.Release|Any CPU.Build.0 = Release|Any CPU
		{BF04A546-D681-4F5A-AC41-CFC67CAEC66E}.Debug|Any CPU.ActiveCfg = Debug|Any CPU
		{BF04A546-D681-4F5A-AC41-CFC67CAEC66E}.Debug|Any CPU.Build.0 = Debug|Any CPU
		{BF04A546-D681-4F5A-AC41-CFC67CAEC66E}.Release|Any CPU.ActiveCfg = Release|Any CPU
		{BF04A546-D681-4F5A-AC41-CFC67CAEC66E}.Release|Any CPU.Build.0 = Release|Any CPU
	EndGlobalSection
	GlobalSection(SolutionProperties) = preSolution
		HideSolutionNode = FALSE
	EndGlobalSection
EndGlobal
